// !$*UTF8*$!
{
	archiveVersion = 1;
	classes = {
	};
	objectVersion = 50;
	objects = {

/* Begin PBXBuildFile section */
		8A8130EE2577EEBF00D19AB6 /* AppDelegate.swift in Sources */ = {isa = PBXBuildFile; fileRef = 8A8130ED2577EEBF00D19AB6 /* AppDelegate.swift */; };
		8A8130F02577EEBF00D19AB6 /* SceneDelegate.swift in Sources */ = {isa = PBXBuildFile; fileRef = 8A8130EF2577EEBF00D19AB6 /* SceneDelegate.swift */; };
		8A8130F22577EEBF00D19AB6 /* ViewController.swift in Sources */ = {isa = PBXBuildFile; fileRef = 8A8130F12577EEBF00D19AB6 /* ViewController.swift */; };
		8A8130F52577EEBF00D19AB6 /* Main.storyboard in Resources */ = {isa = PBXBuildFile; fileRef = 8A8130F32577EEBF00D19AB6 /* Main.storyboard */; };
		8A8130F82577EEBF00D19AB6 /* tradingBasic.xcdatamodeld in Sources */ = {isa = PBXBuildFile; fileRef = 8A8130F62577EEBF00D19AB6 /* tradingBasic.xcdatamodeld */; };
		8A8130FA2577EEC000D19AB6 /* Assets.xcassets in Resources */ = {isa = PBXBuildFile; fileRef = 8A8130F92577EEC000D19AB6 /* Assets.xcassets */; };
		8A8130FD2577EEC000D19AB6 /* LaunchScreen.storyboard in Resources */ = {isa = PBXBuildFile; fileRef = 8A8130FB2577EEC000D19AB6 /* LaunchScreen.storyboard */; };
		8A8131082577EEC100D19AB6 /* tradingBasicTests.swift in Sources */ = {isa = PBXBuildFile; fileRef = 8A8131072577EEC100D19AB6 /* tradingBasicTests.swift */; };
		8A8131132577EEC100D19AB6 /* tradingBasicUITests.swift in Sources */ = {isa = PBXBuildFile; fileRef = 8A8131122577EEC100D19AB6 /* tradingBasicUITests.swift */; };
/* End PBXBuildFile section */

/* Begin PBXContainerItemProxy section */
		8A8131042577EEC100D19AB6 /* PBXContainerItemProxy */ = {
			isa = PBXContainerItemProxy;
			containerPortal = 8A8130E22577EEBF00D19AB6 /* Project object */;
			proxyType = 1;
			remoteGlobalIDString = 8A8130E92577EEBF00D19AB6;
			remoteInfo = tradingBasic;
		};
		8A81310F2577EEC100D19AB6 /* PBXContainerItemProxy */ = {
			isa = PBXContainerItemProxy;
			containerPortal = 8A8130E22577EEBF00D19AB6 /* Project object */;
			proxyType = 1;
			remoteGlobalIDString = 8A8130E92577EEBF00D19AB6;
			remoteInfo = tradingBasic;
		};
/* End PBXContainerItemProxy section */

/* Begin PBXFileReference section */
		8A8130EA2577EEBF00D19AB6 /* tradingBasic.app */ = {isa = PBXFileReference; explicitFileType = wrapper.application; includeInIndex = 0; path = tradingBasic.app; sourceTree = BUILT_PRODUCTS_DIR; };
		8A8130ED2577EEBF00D19AB6 /* AppDelegate.swift */ = {isa = PBXFileReference; lastKnownFileType = sourcecode.swift; path = AppDelegate.swift; sourceTree = "<group>"; };
		8A8130EF2577EEBF00D19AB6 /* SceneDelegate.swift */ = {isa = PBXFileReference; lastKnownFileType = sourcecode.swift; path = SceneDelegate.swift; sourceTree = "<group>"; };
		8A8130F12577EEBF00D19AB6 /* ViewController.swift */ = {isa = PBXFileReference; lastKnownFileType = sourcecode.swift; path = ViewController.swift; sourceTree = "<group>"; };
		8A8130F42577EEBF00D19AB6 /* Base */ = {isa = PBXFileReference; lastKnownFileType = file.storyboard; name = Base; path = Base.lproj/Main.storyboard; sourceTree = "<group>"; };
		8A8130F72577EEBF00D19AB6 /* tradingBasic.xcdatamodel */ = {isa = PBXFileReference; lastKnownFileType = wrapper.xcdatamodel; path = tradingBasic.xcdatamodel; sourceTree = "<group>"; };
		8A8130F92577EEC000D19AB6 /* Assets.xcassets */ = {isa = PBXFileReference; lastKnownFileType = folder.assetcatalog; path = Assets.xcassets; sourceTree = "<group>"; };
		8A8130FC2577EEC000D19AB6 /* Base */ = {isa = PBXFileReference; lastKnownFileType = file.storyboard; name = Base; path = Base.lproj/LaunchScreen.storyboard; sourceTree = "<group>"; };
		8A8130FE2577EEC000D19AB6 /* Info.plist */ = {isa = PBXFileReference; lastKnownFileType = text.plist.xml; path = Info.plist; sourceTree = "<group>"; };
		8A8131032577EEC100D19AB6 /* tradingBasicTests.xctest */ = {isa = PBXFileReference; explicitFileType = wrapper.cfbundle; includeInIndex = 0; path = tradingBasicTests.xctest; sourceTree = BUILT_PRODUCTS_DIR; };
		8A8131072577EEC100D19AB6 /* tradingBasicTests.swift */ = {isa = PBXFileReference; lastKnownFileType = sourcecode.swift; path = tradingBasicTests.swift; sourceTree = "<group>"; };
		8A8131092577EEC100D19AB6 /* Info.plist */ = {isa = PBXFileReference; lastKnownFileType = text.plist.xml; path = Info.plist; sourceTree = "<group>"; };
		8A81310E2577EEC100D19AB6 /* tradingBasicUITests.xctest */ = {isa = PBXFileReference; explicitFileType = wrapper.cfbundle; includeInIndex = 0; path = tradingBasicUITests.xctest; sourceTree = BUILT_PRODUCTS_DIR; };
		8A8131122577EEC100D19AB6 /* tradingBasicUITests.swift */ = {isa = PBXFileReference; lastKnownFileType = sourcecode.swift; path = tradingBasicUITests.swift; sourceTree = "<group>"; };
		8A8131142577EEC100D19AB6 /* Info.plist */ = {isa = PBXFileReference; lastKnownFileType = text.plist.xml; path = Info.plist; sourceTree = "<group>"; };
/* End PBXFileReference section */

/* Begin PBXFrameworksBuildPhase section */
		8A8130E72577EEBF00D19AB6 /* Frameworks */ = {
			isa = PBXFrameworksBuildPhase;
			buildActionMask = 2147483647;
			files = (
			);
			runOnlyForDeploymentPostprocessing = 0;
		};
		8A8131002577EEC100D19AB6 /* Frameworks */ = {
			isa = PBXFrameworksBuildPhase;
			buildActionMask = 2147483647;
			files = (
			);
			runOnlyForDeploymentPostprocessing = 0;
		};
		8A81310B2577EEC100D19AB6 /* Frameworks */ = {
			isa = PBXFrameworksBuildPhase;
			buildActionMask = 2147483647;
			files = (
			);
			runOnlyForDeploymentPostprocessing = 0;
		};
/* End PBXFrameworksBuildPhase section */

/* Begin PBXGroup section */
		8A8130E12577EEBF00D19AB6 = {
			isa = PBXGroup;
			children = (
				8A8130EC2577EEBF00D19AB6 /* tradingBasic */,
				8A8131062577EEC100D19AB6 /* tradingBasicTests */,
				8A8131112577EEC100D19AB6 /* tradingBasicUITests */,
				8A8130EB2577EEBF00D19AB6 /* Products */,
			);
			sourceTree = "<group>";
		};
		8A8130EB2577EEBF00D19AB6 /* Products */ = {
			isa = PBXGroup;
			children = (
				8A8130EA2577EEBF00D19AB6 /* tradingBasic.app */,
				8A8131032577EEC100D19AB6 /* tradingBasicTests.xctest */,
				8A81310E2577EEC100D19AB6 /* tradingBasicUITests.xctest */,
			);
			name = Products;
			sourceTree = "<group>";
		};
		8A8130EC2577EEBF00D19AB6 /* tradingBasic */ = {
			isa = PBXGroup;
			children = (
				8A8130ED2577EEBF00D19AB6 /* AppDelegate.swift */,
				8A8130EF2577EEBF00D19AB6 /* SceneDelegate.swift */,
				8A8130F12577EEBF00D19AB6 /* ViewController.swift */,
				8A8130F32577EEBF00D19AB6 /* Main.storyboard */,
				8A8130F92577EEC000D19AB6 /* Assets.xcassets */,
				8A8130FB2577EEC000D19AB6 /* LaunchScreen.storyboard */,
				8A8130FE2577EEC000D19AB6 /* Info.plist */,
				8A8130F62577EEBF00D19AB6 /* tradingBasic.xcdatamodeld */,
			);
			path = tradingBasic;
			sourceTree = "<group>";
		};
		8A8131062577EEC100D19AB6 /* tradingBasicTests */ = {
			isa = PBXGroup;
			children = (
				8A8131072577EEC100D19AB6 /* tradingBasicTests.swift */,
				8A8131092577EEC100D19AB6 /* Info.plist */,
			);
			path = tradingBasicTests;
			sourceTree = "<group>";
		};
		8A8131112577EEC100D19AB6 /* tradingBasicUITests */ = {
			isa = PBXGroup;
			children = (
				8A8131122577EEC100D19AB6 /* tradingBasicUITests.swift */,
				8A8131142577EEC100D19AB6 /* Info.plist */,
			);
			path = tradingBasicUITests;
			sourceTree = "<group>";
		};
/* End PBXGroup section */

/* Begin PBXNativeTarget section */
		8A8130E92577EEBF00D19AB6 /* tradingBasic */ = {
			isa = PBXNativeTarget;
			buildConfigurationList = 8A8131172577EEC100D19AB6 /* Build configuration list for PBXNativeTarget "tradingBasic" */;
			buildPhases = (
				8A8130E62577EEBF00D19AB6 /* Sources */,
				8A8130E72577EEBF00D19AB6 /* Frameworks */,
				8A8130E82577EEBF00D19AB6 /* Resources */,
			);
			buildRules = (
			);
			dependencies = (
			);
			name = tradingBasic;
			productName = tradingBasic;
			productReference = 8A8130EA2577EEBF00D19AB6 /* tradingBasic.app */;
			productType = "com.apple.product-type.application";
		};
		8A8131022577EEC100D19AB6 /* tradingBasicTests */ = {
			isa = PBXNativeTarget;
			buildConfigurationList = 8A81311A2577EEC100D19AB6 /* Build configuration list for PBXNativeTarget "tradingBasicTests" */;
			buildPhases = (
				8A8130FF2577EEC100D19AB6 /* Sources */,
				8A8131002577EEC100D19AB6 /* Frameworks */,
				8A8131012577EEC100D19AB6 /* Resources */,
			);
			buildRules = (
			);
			dependencies = (
				8A8131052577EEC100D19AB6 /* PBXTargetDependency */,
			);
			name = tradingBasicTests;
			productName = tradingBasicTests;
			productReference = 8A8131032577EEC100D19AB6 /* tradingBasicTests.xctest */;
			productType = "com.apple.product-type.bundle.unit-test";
		};
		8A81310D2577EEC100D19AB6 /* tradingBasicUITests */ = {
			isa = PBXNativeTarget;
			buildConfigurationList = 8A81311D2577EEC100D19AB6 /* Build configuration list for PBXNativeTarget "tradingBasicUITests" */;
			buildPhases = (
				8A81310A2577EEC100D19AB6 /* Sources */,
				8A81310B2577EEC100D19AB6 /* Frameworks */,
				8A81310C2577EEC100D19AB6 /* Resources */,
			);
			buildRules = (
			);
			dependencies = (
				8A8131102577EEC100D19AB6 /* PBXTargetDependency */,
			);
			name = tradingBasicUITests;
			productName = tradingBasicUITests;
			productReference = 8A81310E2577EEC100D19AB6 /* tradingBasicUITests.xctest */;
			productType = "com.apple.product-type.bundle.ui-testing";
		};
/* End PBXNativeTarget section */

/* Begin PBXProject section */
		8A8130E22577EEBF00D19AB6 /* Project object */ = {
			isa = PBXProject;
			attributes = {
				LastSwiftUpdateCheck = 1220;
				LastUpgradeCheck = 1220;
				TargetAttributes = {
					8A8130E92577EEBF00D19AB6 = {
						CreatedOnToolsVersion = 12.2;
					};
					8A8131022577EEC100D19AB6 = {
						CreatedOnToolsVersion = 12.2;
						TestTargetID = 8A8130E92577EEBF00D19AB6;
					};
					8A81310D2577EEC100D19AB6 = {
						CreatedOnToolsVersion = 12.2;
						TestTargetID = 8A8130E92577EEBF00D19AB6;
					};
				};
			};
			buildConfigurationList = 8A8130E52577EEBF00D19AB6 /* Build configuration list for PBXProject "tradingBasic" */;
			compatibilityVersion = "Xcode 9.3";
			developmentRegion = en;
			hasScannedForEncodings = 0;
			knownRegions = (
				en,
				Base,
			);
			mainGroup = 8A8130E12577EEBF00D19AB6;
			productRefGroup = 8A8130EB2577EEBF00D19AB6 /* Products */;
			projectDirPath = "";
			projectRoot = "";
			targets = (
				8A8130E92577EEBF00D19AB6 /* tradingBasic */,
				8A8131022577EEC100D19AB6 /* tradingBasicTests */,
				8A81310D2577EEC100D19AB6 /* tradingBasicUITests */,
			);
		};
/* End PBXProject section */

/* Begin PBXResourcesBuildPhase section */
		8A8130E82577EEBF00D19AB6 /* Resources */ = {
			isa = PBXResourcesBuildPhase;
			buildActionMask = 2147483647;
			files = (
				8A8130FD2577EEC000D19AB6 /* LaunchScreen.storyboard in Resources */,
				8A8130FA2577EEC000D19AB6 /* Assets.xcassets in Resources */,
				8A8130F52577EEBF00D19AB6 /* Main.storyboard in Resources */,
			);
			runOnlyForDeploymentPostprocessing = 0;
		};
		8A8131012577EEC100D19AB6 /* Resources */ = {
			isa = PBXResourcesBuildPhase;
			buildActionMask = 2147483647;
			files = (
			);
			runOnlyForDeploymentPostprocessing = 0;
		};
		8A81310C2577EEC100D19AB6 /* Resources */ = {
			isa = PBXResourcesBuildPhase;
			buildActionMask = 2147483647;
			files = (
			);
			runOnlyForDeploymentPostprocessing = 0;
		};
/* End PBXResourcesBuildPhase section */

/* Begin PBXSourcesBuildPhase section */
		8A8130E62577EEBF00D19AB6 /* Sources */ = {
			isa = PBXSourcesBuildPhase;
			buildActionMask = 2147483647;
			files = (
				8A8130F82577EEBF00D19AB6 /* tradingBasic.xcdatamodeld in Sources */,
				8A8130F22577EEBF00D19AB6 /* ViewController.swift in Sources */,
				8A8130EE2577EEBF00D19AB6 /* AppDelegate.swift in Sources */,
				8A8130F02577EEBF00D19AB6 /* SceneDelegate.swift in Sources */,
			);
			runOnlyForDeploymentPostprocessing = 0;
		};
		8A8130FF2577EEC100D19AB6 /* Sources */ = {
			isa = PBXSourcesBuildPhase;
			buildActionMask = 2147483647;
			files = (
				8A8131082577EEC100D19AB6 /* tradingBasicTests.swift in Sources */,
			);
			runOnlyForDeploymentPostprocessing = 0;
		};
		8A81310A2577EEC100D19AB6 /* Sources */ = {
			isa = PBXSourcesBuildPhase;
			buildActionMask = 2147483647;
			files = (
				8A8131132577EEC100D19AB6 /* tradingBasicUITests.swift in Sources */,
			);
			runOnlyForDeploymentPostprocessing = 0;
		};
/* End PBXSourcesBuildPhase section */

/* Begin PBXTargetDependency section */
		8A8131052577EEC100D19AB6 /* PBXTargetDependency */ = {
			isa = PBXTargetDependency;
			target = 8A8130E92577EEBF00D19AB6 /* tradingBasic */;
			targetProxy = 8A8131042577EEC100D19AB6 /* PBXContainerItemProxy */;
		};
		8A8131102577EEC100D19AB6 /* PBXTargetDependency */ = {
			isa = PBXTargetDependency;
			target = 8A8130E92577EEBF00D19AB6 /* tradingBasic */;
			targetProxy = 8A81310F2577EEC100D19AB6 /* PBXContainerItemProxy */;
		};
/* End PBXTargetDependency section */

/* Begin PBXVariantGroup section */
		8A8130F32577EEBF00D19AB6 /* Main.storyboard */ = {
			isa = PBXVariantGroup;
			children = (
				8A8130F42577EEBF00D19AB6 /* Base */,
			);
			name = Main.storyboard;
			sourceTree = "<group>";
		};
		8A8130FB2577EEC000D19AB6 /* LaunchScreen.storyboard */ = {
			isa = PBXVariantGroup;
			children = (
				8A8130FC2577EEC000D19AB6 /* Base */,
			);
			name = LaunchScreen.storyboard;
			sourceTree = "<group>";
		};
/* End PBXVariantGroup section */

/* Begin XCBuildConfiguration section */
		8A8131152577EEC100D19AB6 /* Debug */ = {
			isa = XCBuildConfiguration;
			buildSettings = {
				ALWAYS_SEARCH_USER_PATHS = NO;
				CLANG_ANALYZER_NONNULL = YES;
				CLANG_ANALYZER_NUMBER_OBJECT_CONVERSION = YES_AGGRESSIVE;
				CLANG_CXX_LANGUAGE_STANDARD = "gnu++14";
				CLANG_CXX_LIBRARY = "libc++";
				CLANG_ENABLE_MODULES = YES;
				CLANG_ENABLE_OBJC_ARC = YES;
				CLANG_ENABLE_OBJC_WEAK = YES;
				CLANG_WARN_BLOCK_CAPTURE_AUTORELEASING = YES;
				CLANG_WARN_BOOL_CONVERSION = YES;
				CLANG_WARN_COMMA = YES;
				CLANG_WARN_CONSTANT_CONVERSION = YES;
				CLANG_WARN_DEPRECATED_OBJC_IMPLEMENTATIONS = YES;
				CLANG_WARN_DIRECT_OBJC_ISA_USAGE = YES_ERROR;
				CLANG_WARN_DOCUMENTATION_COMMENTS = YES;
				CLANG_WARN_EMPTY_BODY = YES;
				CLANG_WARN_ENUM_CONVERSION = YES;
				CLANG_WARN_INFINITE_RECURSION = YES;
				CLANG_WARN_INT_CONVERSION = YES;
				CLANG_WARN_NON_LITERAL_NULL_CONVERSION = YES;
				CLANG_WARN_OBJC_IMPLICIT_RETAIN_SELF = YES;
				CLANG_WARN_OBJC_LITERAL_CONVERSION = YES;
				CLANG_WARN_OBJC_ROOT_CLASS = YES_ERROR;
				CLANG_WARN_QUOTED_INCLUDE_IN_FRAMEWORK_HEADER = YES;
				CLANG_WARN_RANGE_LOOP_ANALYSIS = YES;
				CLANG_WARN_STRICT_PROTOTYPES = YES;
				CLANG_WARN_SUSPICIOUS_MOVE = YES;
				CLANG_WARN_UNGUARDED_AVAILABILITY = YES_AGGRESSIVE;
				CLANG_WARN_UNREACHABLE_CODE = YES;
				CLANG_WARN__DUPLICATE_METHOD_MATCH = YES;
				COPY_PHASE_STRIP = NO;
				DEBUG_INFORMATION_FORMAT = dwarf;
				ENABLE_STRICT_OBJC_MSGSEND = YES;
				ENABLE_TESTABILITY = YES;
				GCC_C_LANGUAGE_STANDARD = gnu11;
				GCC_DYNAMIC_NO_PIC = NO;
				GCC_NO_COMMON_BLOCKS = YES;
				GCC_OPTIMIZATION_LEVEL = 0;
				GCC_PREPROCESSOR_DEFINITIONS = (
					"DEBUG=1",
					"$(inherited)",
				);
				GCC_WARN_64_TO_32_BIT_CONVERSION = YES;
				GCC_WARN_ABOUT_RETURN_TYPE = YES_ERROR;
				GCC_WARN_UNDECLARED_SELECTOR = YES;
				GCC_WARN_UNINITIALIZED_AUTOS = YES_AGGRESSIVE;
				GCC_WARN_UNUSED_FUNCTION = YES;
				GCC_WARN_UNUSED_VARIABLE = YES;
				IPHONEOS_DEPLOYMENT_TARGET = 14.2;
				MTL_ENABLE_DEBUG_INFO = INCLUDE_SOURCE;
				MTL_FAST_MATH = YES;
				ONLY_ACTIVE_ARCH = YES;
				SDKROOT = iphoneos;
				SWIFT_ACTIVE_COMPILATION_CONDITIONS = DEBUG;
				SWIFT_OPTIMIZATION_LEVEL = "-Onone";
			};
			name = Debug;
		};
		8A8131162577EEC100D19AB6 /* Release */ = {
			isa = XCBuildConfiguration;
			buildSettings = {
				ALWAYS_SEARCH_USER_PATHS = NO;
				CLANG_ANALYZER_NONNULL = YES;
				CLANG_ANALYZER_NUMBER_OBJECT_CONVERSION = YES_AGGRESSIVE;
				CLANG_CXX_LANGUAGE_STANDARD = "gnu++14";
				CLANG_CXX_LIBRARY = "libc++";
				CLANG_ENABLE_MODULES = YES;
				CLANG_ENABLE_OBJC_ARC = YES;
				CLANG_ENABLE_OBJC_WEAK = YES;
				CLANG_WARN_BLOCK_CAPTURE_AUTORELEASING = YES;
				CLANG_WARN_BOOL_CONVERSION = YES;
				CLANG_WARN_COMMA = YES;
				CLANG_WARN_CONSTANT_CONVERSION = YES;
				CLANG_WARN_DEPRECATED_OBJC_IMPLEMENTATIONS = YES;
				CLANG_WARN_DIRECT_OBJC_ISA_USAGE = YES_ERROR;
				CLANG_WARN_DOCUMENTATION_COMMENTS = YES;
				CLANG_WARN_EMPTY_BODY = YES;
				CLANG_WARN_ENUM_CONVERSION = YES;
				CLANG_WARN_INFINITE_RECURSION = YES;
				CLANG_WARN_INT_CONVERSION = YES;
				CLANG_WARN_NON_LITERAL_NULL_CONVERSION = YES;
				CLANG_WARN_OBJC_IMPLICIT_RETAIN_SELF = YES;
				CLANG_WARN_OBJC_LITERAL_CONVERSION = YES;
				CLANG_WARN_OBJC_ROOT_CLASS = YES_ERROR;
				CLANG_WARN_QUOTED_INCLUDE_IN_FRAMEWORK_HEADER = YES;
				CLANG_WARN_RANGE_LOOP_ANALYSIS = YES;
				CLANG_WARN_STRICT_PROTOTYPES = YES;
				CLANG_WARN_SUSPICIOUS_MOVE = YES;
				CLANG_WARN_UNGUARDED_AVAILABILITY = YES_AGGRESSIVE;
				CLANG_WARN_UNREACHABLE_CODE = YES;
				CLANG_WARN__DUPLICATE_METHOD_MATCH = YES;
				COPY_PHASE_STRIP = NO;
				DEBUG_INFORMATION_FORMAT = "dwarf-with-dsym";
				ENABLE_NS_ASSERTIONS = NO;
				ENABLE_STRICT_OBJC_MSGSEND = YES;
				GCC_C_LANGUAGE_STANDARD = gnu11;
				GCC_NO_COMMON_BLOCKS = YES;
				GCC_WARN_64_TO_32_BIT_CONVERSION = YES;
				GCC_WARN_ABOUT_RETURN_TYPE = YES_ERROR;
				GCC_WARN_UNDECLARED_SELECTOR = YES;
				GCC_WARN_UNINITIALIZED_AUTOS = YES_AGGRESSIVE;
				GCC_WARN_UNUSED_FUNCTION = YES;
				GCC_WARN_UNUSED_VARIABLE = YES;
				IPHONEOS_DEPLOYMENT_TARGET = 14.2;
				MTL_ENABLE_DEBUG_INFO = NO;
				MTL_FAST_MATH = YES;
				SDKROOT = iphoneos;
				SWIFT_COMPILATION_MODE = wholemodule;
				SWIFT_OPTIMIZATION_LEVEL = "-O";
				VALIDATE_PRODUCT = YES;
			};
			name = Release;
		};
		8A8131182577EEC100D19AB6 /* Debug */ = {
			isa = XCBuildConfiguration;
			buildSettings = {
				ASSETCATALOG_COMPILER_APPICON_NAME = AppIcon;
				ASSETCATALOG_COMPILER_GLOBAL_ACCENT_COLOR_NAME = AccentColor;
				CODE_SIGN_STYLE = Automatic;
				DEVELOPMENT_TEAM = NLNMNV3B3S;
				INFOPLIST_FILE = tradingBasic/Info.plist;
				LD_RUNPATH_SEARCH_PATHS = (
					"$(inherited)",
					"@executable_path/Frameworks",
				);
				PRODUCT_BUNDLE_IDENTIFIER = yoahn.tradingBasic;
				PRODUCT_NAME = "$(TARGET_NAME)";
				SWIFT_VERSION = 5.0;
				TARGETED_DEVICE_FAMILY = "1,2";
			};
			name = Debug;
		};
		8A8131192577EEC100D19AB6 /* Release */ = {
			isa = XCBuildConfiguration;
			buildSettings = {
				ASSETCATALOG_COMPILER_APPICON_NAME = AppIcon;
				ASSETCATALOG_COMPILER_GLOBAL_ACCENT_COLOR_NAME = AccentColor;
				CODE_SIGN_STYLE = Automatic;
				DEVELOPMENT_TEAM = NLNMNV3B3S;
				INFOPLIST_FILE = tradingBasic/Info.plist;
				LD_RUNPATH_SEARCH_PATHS = (
					"$(inherited)",
					"@executable_path/Frameworks",
				);
				PRODUCT_BUNDLE_IDENTIFIER = yoahn.tradingBasic;
				PRODUCT_NAME = "$(TARGET_NAME)";
				SWIFT_VERSION = 5.0;
				TARGETED_DEVICE_FAMILY = "1,2";
			};
			name = Release;
		};
		8A81311B2577EEC100D19AB6 /* Debug */ = {
			isa = XCBuildConfiguration;
			buildSettings = {
				ALWAYS_EMBED_SWIFT_STANDARD_LIBRARIES = YES;
				BUNDLE_LOADER = "$(TEST_HOST)";
				CODE_SIGN_STYLE = Automatic;
				DEVELOPMENT_TEAM = NLNMNV3B3S;
				INFOPLIST_FILE = tradingBasicTests/Info.plist;
				IPHONEOS_DEPLOYMENT_TARGET = 14.2;
				LD_RUNPATH_SEARCH_PATHS = (
					"$(inherited)",
					"@executable_path/Frameworks",
					"@loader_path/Frameworks",
				);
				PRODUCT_BUNDLE_IDENTIFIER = yoahn.tradingBasicTests;
				PRODUCT_NAME = "$(TARGET_NAME)";
				SWIFT_VERSION = 5.0;
				TARGETED_DEVICE_FAMILY = "1,2";
				TEST_HOST = "$(BUILT_PRODUCTS_DIR)/tradingBasic.app/tradingBasic";
			};
			name = Debug;
		};
		8A81311C2577EEC100D19AB6 /* Release */ = {
			isa = XCBuildConfiguration;
			buildSettings = {
				ALWAYS_EMBED_SWIFT_STANDARD_LIBRARIES = YES;
				BUNDLE_LOADER = "$(TEST_HOST)";
				CODE_SIGN_STYLE = Automatic;
				DEVELOPMENT_TEAM = NLNMNV3B3S;
				INFOPLIST_FILE = tradingBasicTests/Info.plist;
				IPHONEOS_DEPLOYMENT_TARGET = 14.2;
				LD_RUNPATH_SEARCH_PATHS = (
					"$(inherited)",
					"@executable_path/Frameworks",
					"@loader_path/Frameworks",
				);
				PRODUCT_BUNDLE_IDENTIFIER = yoahn.tradingBasicTests;
				PRODUCT_NAME = "$(TARGET_NAME)";
				SWIFT_VERSION = 5.0;
				TARGETED_DEVICE_FAMILY = "1,2";
				TEST_HOST = "$(BUILT_PRODUCTS_DIR)/tradingBasic.app/tradingBasic";
			};
			name = Release;
		};
		8A81311E2577EEC100D19AB6 /* Debug */ = {
			isa = XCBuildConfiguration;
			buildSettings = {
				ALWAYS_EMBED_SWIFT_STANDARD_LIBRARIES = YES;
				CODE_SIGN_STYLE = Automatic;
				DEVELOPMENT_TEAM = NLNMNV3B3S;
				INFOPLIST_FILE = tradingBasicUITests/Info.plist;
				LD_RUNPATH_SEARCH_PATHS = (
					"$(inherited)",
					"@executable_path/Frameworks",
					"@loader_path/Frameworks",
				);
				PRODUCT_BUNDLE_IDENTIFIER = yoahn.tradingBasicUITests;
				PRODUCT_NAME = "$(TARGET_NAME)";
				SWIFT_VERSION = 5.0;
				TARGETED_DEVICE_FAMILY = "1,2";
				TEST_TARGET_NAME = tradingBasic;
			};
			name = Debug;
		};
		8A81311F2577EEC100D19AB6 /* Release */ = {
			isa = XCBuildConfiguration;
			buildSettings = {
				ALWAYS_EMBED_SWIFT_STANDARD_LIBRARIES = YES;
				CODE_SIGN_STYLE = Automatic;
				DEVELOPMENT_TEAM = NLNMNV3B3S;
				INFOPLIST_FILE = tradingBasicUITests/Info.plist;
				LD_RUNPATH_SEARCH_PATHS = (
					"$(inherited)",
					"@executable_path/Frameworks",
					"@loader_path/Frameworks",
				);
				PRODUCT_BUNDLE_IDENTIFIER = yoahn.tradingBasicUITests;
				PRODUCT_NAME = "$(TARGET_NAME)";
				SWIFT_VERSION = 5.0;
				TARGETED_DEVICE_FAMILY = "1,2";
				TEST_TARGET_NAME = tradingBasic;
			};
			name = Release;
		};
/* End XCBuildConfiguration section */

/* Begin XCConfigurationList section */
		8A8130E52577EEBF00D19AB6 /* Build configuration list for PBXProject "tradingBasic" */ = {
			isa = XCConfigurationList;
			buildConfigurations = (
				8A8131152577EEC100D19AB6 /* Debug */,
				8A8131162577EEC100D19AB6 /* Release */,
			);
			defaultConfigurationIsVisible = 0;
			defaultConfigurationName = Release;
		};
		8A8131172577EEC100D19AB6 /* Build configuration list for PBXNativeTarget "tradingBasic" */ = {
			isa = XCConfigurationList;
			buildConfigurations = (
				8A8131182577EEC100D19AB6 /* Debug */,
				8A8131192577EEC100D19AB6 /* Release */,
			);
			defaultConfigurationIsVisible = 0;
			defaultConfigurationName = Release;
		};
		8A81311A2577EEC100D19AB6 /* Build configuration list for PBXNativeTarget "tradingBasicTests" */ = {
			isa = XCConfigurationList;
			buildConfigurations = (
				8A81311B2577EEC100D19AB6 /* Debug */,
				8A81311C2577EEC100D19AB6 /* Release */,
			);
			defaultConfigurationIsVisible = 0;
			defaultConfigurationName = Release;
		};
		8A81311D2577EEC100D19AB6 /* Build configuration list for PBXNativeTarget "tradingBasicUITests" */ = {
			isa = XCConfigurationList;
			buildConfigurations = (
				8A81311E2577EEC100D19AB6 /* Debug */,
				8A81311F2577EEC100D19AB6 /* Release */,
			);
			defaultConfigurationIsVisible = 0;
			defaultConfigurationName = Release;
		};
/* End XCConfigurationList section */

/* Begin XCVersionGroup section */
		8A8130F62577EEBF00D19AB6 /* tradingBasic.xcdatamodeld */ = {
			isa = XCVersionGroup;
			children = (
				8A8130F72577EEBF00D19AB6 /* tradingBasic.xcdatamodel */,
			);
			currentVersion = 8A8130F72577EEBF00D19AB6 /* tradingBasic.xcdatamodel */;
			path = tradingBasic.xcdatamodeld;
			sourceTree = "<group>";
			versionGroupType = wrapper.xcdatamodel;
		};
/* End XCVersionGroup section */
	};
	rootObject = 8A8130E22577EEBF00D19AB6 /* Project object */;
}
