// !$*UTF8*$!
{
	archiveVersion = 1;
	classes = {
	};
	objectVersion = 51;
	objects = {

/* Begin PBXBuildFile section */
		52671DA168C0D0A75C484270 /* Pods_tradingBasicTests.framework in Frameworks */ = {isa = PBXBuildFile; fileRef = 93FD2CCC598D37C997AD8A17 /* Pods_tradingBasicTests.framework */; };
		8A00D7A0259E815C00FD65B7 /* ShimmerAnimation.swift in Sources */ = {isa = PBXBuildFile; fileRef = 8A00D79F259E815C00FD65B7 /* ShimmerAnimation.swift */; };
		8A1953B5258509930088771A /* schema.json in Resources */ = {isa = PBXBuildFile; fileRef = 8A1953B4258509930088771A /* schema.json */; };
		8A399FEE2583CB8A0090A08D /* LoginPageControllerEX.swift in Sources */ = {isa = PBXBuildFile; fileRef = 8A399FED2583CB8A0090A08D /* LoginPageControllerEX.swift */; };
		8A399FF32583CB9A0090A08D /* LoginPageControllerInitUI.swift in Sources */ = {isa = PBXBuildFile; fileRef = 8A399FF22583CB9A0090A08D /* LoginPageControllerInitUI.swift */; };
		8A399FF82584F5EB0090A08D /* UITextFieldEXWithSVG.swift in Sources */ = {isa = PBXBuildFile; fileRef = 8A399FF72584F5EB0090A08D /* UITextFieldEXWithSVG.swift */; };
		8A39A0132584F6A40090A08D /* menu_oval.svg in Resources */ = {isa = PBXBuildFile; fileRef = 8A39A00D2584F6A30090A08D /* menu_oval.svg */; };
		8A39A0142584F6A40090A08D /* userIcon.svg in Resources */ = {isa = PBXBuildFile; fileRef = 8A39A00E2584F6A30090A08D /* userIcon.svg */; };
		8A39A0152584F6A40090A08D /* userIconTextField.svg in Resources */ = {isa = PBXBuildFile; fileRef = 8A39A00F2584F6A40090A08D /* userIconTextField.svg */; };
		8A39A0162584F6A40090A08D /* password.svg in Resources */ = {isa = PBXBuildFile; fileRef = 8A39A0102584F6A40090A08D /* password.svg */; };
		8A39A0172584F6A40090A08D /* mail.svg in Resources */ = {isa = PBXBuildFile; fileRef = 8A39A0112584F6A40090A08D /* mail.svg */; };
		8A45008B25A654E900A39D8F /* Main.storyboard in Resources */ = {isa = PBXBuildFile; fileRef = 8A45008D25A654E900A39D8F /* Main.storyboard */; };
		8A45009C25A6586300A39D8F /* Home.storyboard in Resources */ = {isa = PBXBuildFile; fileRef = 8A45009E25A6586300A39D8F /* Home.storyboard */; };
		8A4500CF25A6697900A39D8F /* Localizable.strings in Resources */ = {isa = PBXBuildFile; fileRef = 8A4500D125A6697900A39D8F /* Localizable.strings */; };
		8A5381A9258698210009AEC7 /* AuthService.swift in Sources */ = {isa = PBXBuildFile; fileRef = 8A5381A8258698210009AEC7 /* AuthService.swift */; };
		8A5381AF25869C960009AEC7 /* enum.swift in Sources */ = {isa = PBXBuildFile; fileRef = 8A5381AE25869C960009AEC7 /* enum.swift */; };
		8A5381C82586C34B0009AEC7 /* User.swift in Sources */ = {isa = PBXBuildFile; fileRef = 8A5381C72586C34B0009AEC7 /* User.swift */; };
		8A5381D62586D50B0009AEC7 /* HomePageController.swift in Sources */ = {isa = PBXBuildFile; fileRef = 8A5381D52586D50B0009AEC7 /* HomePageController.swift */; };
		8A75F13125A0BAB500BDFCAA /* StocksController.swift in Sources */ = {isa = PBXBuildFile; fileRef = 8A75F13025A0BAB500BDFCAA /* StocksController.swift */; };
		8A75F13E25A0BB4B00BDFCAA /* MyStocksController.swift in Sources */ = {isa = PBXBuildFile; fileRef = 8A75F13D25A0BB4B00BDFCAA /* MyStocksController.swift */; };
		8A75F14325A0BB9B00BDFCAA /* StocksService.swift in Sources */ = {isa = PBXBuildFile; fileRef = 8A75F14225A0BB9B00BDFCAA /* StocksService.swift */; };
		8A75F14825A0BC1800BDFCAA /* Stocks.swift in Sources */ = {isa = PBXBuildFile; fileRef = 8A75F14725A0BC1800BDFCAA /* Stocks.swift */; };
		8A75F15425A0C79700BDFCAA /* StocksCell.swift in Sources */ = {isa = PBXBuildFile; fileRef = 8A75F15325A0C79700BDFCAA /* StocksCell.swift */; };
		8A75F15C25A0E59600BDFCAA /* StocksControllerInitUI.swift in Sources */ = {isa = PBXBuildFile; fileRef = 8A75F15B25A0E59600BDFCAA /* StocksControllerInitUI.swift */; };
		8A75F1A425A1276400BDFCAA /* StockControllerEX.swift in Sources */ = {isa = PBXBuildFile; fileRef = 8A75F1A325A1276400BDFCAA /* StockControllerEX.swift */; };
		8A75F1A825A1485800BDFCAA /* Date.swift in Sources */ = {isa = PBXBuildFile; fileRef = 8A75F1A725A1485800BDFCAA /* Date.swift */; };
		8A7D0EF925975B3B0016CBB4 /* newsService.swift in Sources */ = {isa = PBXBuildFile; fileRef = 8A7D0EF825975B3B0016CBB4 /* newsService.swift */; };
		8A7D0EFE25975C350016CBB4 /* NewsAPI.swift in Sources */ = {isa = PBXBuildFile; fileRef = 8A7D0EFD25975C350016CBB4 /* NewsAPI.swift */; };
		8A7D0F1E2597736D0016CBB4 /* constant.swift in Sources */ = {isa = PBXBuildFile; fileRef = 8A7D0F1D2597736D0016CBB4 /* constant.swift */; };
		8A8130EE2577EEBF00D19AB6 /* AppDelegate.swift in Sources */ = {isa = PBXBuildFile; fileRef = 8A8130ED2577EEBF00D19AB6 /* AppDelegate.swift */; };
		8A8130F02577EEBF00D19AB6 /* SceneDelegate.swift in Sources */ = {isa = PBXBuildFile; fileRef = 8A8130EF2577EEBF00D19AB6 /* SceneDelegate.swift */; };
		8A8130F22577EEBF00D19AB6 /* GreatingViewController.swift in Sources */ = {isa = PBXBuildFile; fileRef = 8A8130F12577EEBF00D19AB6 /* GreatingViewController.swift */; };
		8A8130FA2577EEC000D19AB6 /* Assets.xcassets in Resources */ = {isa = PBXBuildFile; fileRef = 8A8130F92577EEC000D19AB6 /* Assets.xcassets */; };
		8A8130FD2577EEC000D19AB6 /* LaunchScreen.storyboard in Resources */ = {isa = PBXBuildFile; fileRef = 8A8130FB2577EEC000D19AB6 /* LaunchScreen.storyboard */; };
		8A8131082577EEC100D19AB6 /* tradingBasicTests.swift in Sources */ = {isa = PBXBuildFile; fileRef = 8A8131072577EEC100D19AB6 /* tradingBasicTests.swift */; };
		8A8131132577EEC100D19AB6 /* tradingBasicUITests.swift in Sources */ = {isa = PBXBuildFile; fileRef = 8A8131122577EEC100D19AB6 /* tradingBasicUITests.swift */; };
		8AB06E0A2581077300C96972 /* LottieView.swift in Sources */ = {isa = PBXBuildFile; fileRef = 8AB06E092581077200C96972 /* LottieView.swift */; };
		8AB06E102581090900C96972 /* 17489-chart-blob-icon.json in Resources */ = {isa = PBXBuildFile; fileRef = 8AB06E0F2581090900C96972 /* 17489-chart-blob-icon.json */; };
		8AB06E2925810A3B00C96972 /* charts.json in Resources */ = {isa = PBXBuildFile; fileRef = 8AB06E2825810A3B00C96972 /* charts.json */; };
		8AB06E442581122900C96972 /* LoginPageController.swift in Sources */ = {isa = PBXBuildFile; fileRef = 8AB06E432581122900C96972 /* LoginPageController.swift */; };
		8AB06E5A2581136200C96972 /* GreatingViewControllerEX.swift in Sources */ = {isa = PBXBuildFile; fileRef = 8AB06E592581136200C96972 /* GreatingViewControllerEX.swift */; };
		8AB422CB25A3F690009D56AD /* MyStocksControllerEX.swift in Sources */ = {isa = PBXBuildFile; fileRef = 8AB422CA25A3F690009D56AD /* MyStocksControllerEX.swift */; };
		8AC55B0C25A3B10C004281CE /* MyStocksCellInitUI.swift in Sources */ = {isa = PBXBuildFile; fileRef = 8AC55B0B25A3B10C004281CE /* MyStocksCellInitUI.swift */; };
		8AE0A27125A3A39B00565C78 /* MystocksCell.swift in Sources */ = {isa = PBXBuildFile; fileRef = 8AE0A27025A3A39B00565C78 /* MystocksCell.swift */; };
		8AE9F15425879D7300EF1E9B /* HomePageControllerInitUI.swift in Sources */ = {isa = PBXBuildFile; fileRef = 8AE9F15325879D7300EF1E9B /* HomePageControllerInitUI.swift */; };
		8AE9F16B2587A25E00EF1E9B /* CropImage.swift in Sources */ = {isa = PBXBuildFile; fileRef = 8AE9F16A2587A25E00EF1E9B /* CropImage.swift */; };
		8AE9F1702587A2E900EF1E9B /* UIImageViewFromURL.swift in Sources */ = {isa = PBXBuildFile; fileRef = 8AE9F16F2587A2E900EF1E9B /* UIImageViewFromURL.swift */; };
		8AE9F1782587A50A00EF1E9B /* API.swift in Sources */ = {isa = PBXBuildFile; fileRef = 8AE9F1772587A50A00EF1E9B /* API.swift */; };
		8AE9F17D2587AD1E00EF1E9B /* HomePageControllerEX.swift in Sources */ = {isa = PBXBuildFile; fileRef = 8AE9F17C2587AD1E00EF1E9B /* HomePageControllerEX.swift */; };
		8AE9F1852587AE9400EF1E9B /* ProfilePageController.swift in Sources */ = {isa = PBXBuildFile; fileRef = 8AE9F1842587AE9400EF1E9B /* ProfilePageController.swift */; };
		8AF0592325782C8800CA0D9F /* GreatingViewControllerInitUI.swift in Sources */ = {isa = PBXBuildFile; fileRef = 8AF0592225782C8800CA0D9F /* GreatingViewControllerInitUI.swift */; };
		8AF786DE2586737400ACC21C /* Login.graphql in Resources */ = {isa = PBXBuildFile; fileRef = 8AF786DD2586737400ACC21C /* Login.graphql */; };
		8AFFB314259E2CBB00B5E8AE /* ArticleCell.swift in Sources */ = {isa = PBXBuildFile; fileRef = 8AFFB313259E2CBB00B5E8AE /* ArticleCell.swift */; };
		8AFFB370259E810800B5E8AE /* UITableView+Shimmer.swift in Sources */ = {isa = PBXBuildFile; fileRef = 8AFFB36C259E80D200B5E8AE /* UITableView+Shimmer.swift */; };
		8AFFB371259E810800B5E8AE /* ShimmerOptions.swift in Sources */ = {isa = PBXBuildFile; fileRef = 8AFFB36D259E80E600B5E8AE /* ShimmerOptions.swift */; };
		8AFFB372259E810900B5E8AE /* UICollectionView+Shimmer.swift in Sources */ = {isa = PBXBuildFile; fileRef = 8AFFB36E259E80F700B5E8AE /* UICollectionView+Shimmer.swift */; };
		8AFFB373259E810900B5E8AE /* UIView+Shimmer.swift in Sources */ = {isa = PBXBuildFile; fileRef = 8AFFB36F259E810800B5E8AE /* UIView+Shimmer.swift */; };
		8E8145C0B34D5E26B825F350 /* Pods_tradingBasic.framework in Frameworks */ = {isa = PBXBuildFile; fileRef = A2241F2889A925EFC871F427 /* Pods_tradingBasic.framework */; };
		B51D7BC556B6437FD7A9F1BF /* Pods_tradingBasic_tradingBasicUITests.framework in Frameworks */ = {isa = PBXBuildFile; fileRef = E3035583CE34505851375484 /* Pods_tradingBasic_tradingBasicUITests.framework */; };
/* End PBXBuildFile section */

/* Begin PBXContainerItemProxy section */
		8A8131042577EEC100D19AB6 /* PBXContainerItemProxy */ = {
			isa = PBXContainerItemProxy;
			containerPortal = 8A8130E22577EEBF00D19AB6 /* Project object */;
			proxyType = 1;
			remoteGlobalIDString = 8A8130E92577EEBF00D19AB6;
			remoteInfo = tradingBasic;
		};
		8A81310F2577EEC100D19AB6 /* PBXContainerItemProxy */ = {
			isa = PBXContainerItemProxy;
			containerPortal = 8A8130E22577EEBF00D19AB6 /* Project object */;
			proxyType = 1;
			remoteGlobalIDString = 8A8130E92577EEBF00D19AB6;
			remoteInfo = tradingBasic;
		};
/* End PBXContainerItemProxy section */

/* Begin PBXCopyFilesBuildPhase section */
		8A75F16625A1067300BDFCAA /* Embed Frameworks */ = {
			isa = PBXCopyFilesBuildPhase;
			buildActionMask = 2147483647;
			dstPath = "";
			dstSubfolderSpec = 10;
			files = (
			);
			name = "Embed Frameworks";
			runOnlyForDeploymentPostprocessing = 0;
		};
/* End PBXCopyFilesBuildPhase section */

/* Begin PBXFileReference section */
		503704A0A82D66BA88698598 /* Pods-tradingBasicTests.release.xcconfig */ = {isa = PBXFileReference; includeInIndex = 1; lastKnownFileType = text.xcconfig; name = "Pods-tradingBasicTests.release.xcconfig"; path = "Target Support Files/Pods-tradingBasicTests/Pods-tradingBasicTests.release.xcconfig"; sourceTree = "<group>"; };
		8A00D79F259E815C00FD65B7 /* ShimmerAnimation.swift */ = {isa = PBXFileReference; fileEncoding = 4; lastKnownFileType = sourcecode.swift; path = ShimmerAnimation.swift; sourceTree = "<group>"; };
		8A1953B4258509930088771A /* schema.json */ = {isa = PBXFileReference; fileEncoding = 4; lastKnownFileType = text.json; path = schema.json; sourceTree = "<group>"; };
		8A399FED2583CB8A0090A08D /* LoginPageControllerEX.swift */ = {isa = PBXFileReference; lastKnownFileType = sourcecode.swift; path = LoginPageControllerEX.swift; sourceTree = "<group>"; };
		8A399FF22583CB9A0090A08D /* LoginPageControllerInitUI.swift */ = {isa = PBXFileReference; lastKnownFileType = sourcecode.swift; path = LoginPageControllerInitUI.swift; sourceTree = "<group>"; };
		8A399FF72584F5EB0090A08D /* UITextFieldEXWithSVG.swift */ = {isa = PBXFileReference; lastKnownFileType = sourcecode.swift; path = UITextFieldEXWithSVG.swift; sourceTree = "<group>"; };
		8A39A00D2584F6A30090A08D /* menu_oval.svg */ = {isa = PBXFileReference; fileEncoding = 4; lastKnownFileType = text; path = menu_oval.svg; sourceTree = "<group>"; };
		8A39A00E2584F6A30090A08D /* userIcon.svg */ = {isa = PBXFileReference; fileEncoding = 4; lastKnownFileType = text; path = userIcon.svg; sourceTree = "<group>"; };
		8A39A00F2584F6A40090A08D /* userIconTextField.svg */ = {isa = PBXFileReference; fileEncoding = 4; lastKnownFileType = text; path = userIconTextField.svg; sourceTree = "<group>"; };
		8A39A0102584F6A40090A08D /* password.svg */ = {isa = PBXFileReference; fileEncoding = 4; lastKnownFileType = text; path = password.svg; sourceTree = "<group>"; };
		8A39A0112584F6A40090A08D /* mail.svg */ = {isa = PBXFileReference; fileEncoding = 4; lastKnownFileType = text; path = mail.svg; sourceTree = "<group>"; };
		8A45009025A6550A00A39D8F /* Base */ = {isa = PBXFileReference; lastKnownFileType = file.storyboard; name = Base; path = Base.lproj/Main.storyboard; sourceTree = "<group>"; };
		8A45009925A6573D00A39D8F /* en */ = {isa = PBXFileReference; lastKnownFileType = text.plist.strings; name = en; path = en.lproj/Main.strings; sourceTree = "<group>"; };
		8A45009D25A6586300A39D8F /* Base */ = {isa = PBXFileReference; lastKnownFileType = file.storyboard; name = Base; path = Base.lproj/Home.storyboard; sourceTree = "<group>"; };
		8A4500A225A6588800A39D8F /* en */ = {isa = PBXFileReference; lastKnownFileType = text.plist.strings; name = en; path = en.lproj/Home.strings; sourceTree = "<group>"; };
		8A4500C325A6663200A39D8F /* fr */ = {isa = PBXFileReference; lastKnownFileType = text.plist.strings; name = fr; path = fr.lproj/Main.strings; sourceTree = "<group>"; };
		8A4500C425A6664300A39D8F /* fr */ = {isa = PBXFileReference; lastKnownFileType = text.plist.strings; name = fr; path = fr.lproj/Home.strings; sourceTree = "<group>"; };
		8A4500C525A6665100A39D8F /* fr */ = {isa = PBXFileReference; lastKnownFileType = text.plist.strings; name = fr; path = fr.lproj/LaunchScreen.strings; sourceTree = "<group>"; };
		8A4500D025A6697900A39D8F /* en */ = {isa = PBXFileReference; lastKnownFileType = text.plist.strings; name = en; path = en.lproj/Localizable.strings; sourceTree = "<group>"; };
		8A4500D425A6699A00A39D8F /* fr */ = {isa = PBXFileReference; lastKnownFileType = text.plist.strings; name = fr; path = fr.lproj/Localizable.strings; sourceTree = "<group>"; };
		8A5381A8258698210009AEC7 /* AuthService.swift */ = {isa = PBXFileReference; lastKnownFileType = sourcecode.swift; path = AuthService.swift; sourceTree = "<group>"; };
		8A5381AE25869C960009AEC7 /* enum.swift */ = {isa = PBXFileReference; lastKnownFileType = sourcecode.swift; path = enum.swift; sourceTree = "<group>"; };
		8A5381C72586C34B0009AEC7 /* User.swift */ = {isa = PBXFileReference; lastKnownFileType = sourcecode.swift; path = User.swift; sourceTree = "<group>"; };
		8A5381D52586D50B0009AEC7 /* HomePageController.swift */ = {isa = PBXFileReference; lastKnownFileType = sourcecode.swift; path = HomePageController.swift; sourceTree = "<group>"; };
		8A60E80825A8DFE8003B0CB3 /* uk */ = {isa = PBXFileReference; lastKnownFileType = text.plist.strings; name = uk; path = uk.lproj/Main.strings; sourceTree = "<group>"; };
		8A60E80925A8DFF9003B0CB3 /* uk */ = {isa = PBXFileReference; lastKnownFileType = text.plist.strings; name = uk; path = uk.lproj/Home.strings; sourceTree = "<group>"; };
		8A60E80A25A8E009003B0CB3 /* uk */ = {isa = PBXFileReference; lastKnownFileType = text.plist.strings; name = uk; path = uk.lproj/LaunchScreen.strings; sourceTree = "<group>"; };
		8A60E80B25A8E01A003B0CB3 /* uk */ = {isa = PBXFileReference; lastKnownFileType = text.plist.strings; name = uk; path = uk.lproj/Localizable.strings; sourceTree = "<group>"; };
		8A60E80C25A8E0C3003B0CB3 /* ru */ = {isa = PBXFileReference; lastKnownFileType = text.plist.strings; name = ru; path = ru.lproj/Main.strings; sourceTree = "<group>"; };
		8A60E80D25A8E0DA003B0CB3 /* ru */ = {isa = PBXFileReference; lastKnownFileType = text.plist.strings; name = ru; path = ru.lproj/Home.strings; sourceTree = "<group>"; };
		8A60E80E25A8E0EB003B0CB3 /* ru */ = {isa = PBXFileReference; lastKnownFileType = text.plist.strings; name = ru; path = ru.lproj/LaunchScreen.strings; sourceTree = "<group>"; };
		8A60E80F25A8E0FB003B0CB3 /* ru */ = {isa = PBXFileReference; lastKnownFileType = text.plist.strings; name = ru; path = ru.lproj/Localizable.strings; sourceTree = "<group>"; };
		8A75F13025A0BAB500BDFCAA /* StocksController.swift */ = {isa = PBXFileReference; lastKnownFileType = sourcecode.swift; path = StocksController.swift; sourceTree = "<group>"; };
		8A75F13D25A0BB4B00BDFCAA /* MyStocksController.swift */ = {isa = PBXFileReference; fileEncoding = 4; lastKnownFileType = sourcecode.swift; name = MyStocksController.swift; path = "tradingBasic/pages/HomePages/New Group1/MyStocksController.swift"; sourceTree = SOURCE_ROOT; };
		8A75F14225A0BB9B00BDFCAA /* StocksService.swift */ = {isa = PBXFileReference; lastKnownFileType = sourcecode.swift; path = StocksService.swift; sourceTree = "<group>"; };
		8A75F14725A0BC1800BDFCAA /* Stocks.swift */ = {isa = PBXFileReference; lastKnownFileType = sourcecode.swift; path = Stocks.swift; sourceTree = "<group>"; };
		8A75F15325A0C79700BDFCAA /* StocksCell.swift */ = {isa = PBXFileReference; lastKnownFileType = sourcecode.swift; path = StocksCell.swift; sourceTree = "<group>"; };
		8A75F15B25A0E59600BDFCAA /* StocksControllerInitUI.swift */ = {isa = PBXFileReference; lastKnownFileType = sourcecode.swift; path = StocksControllerInitUI.swift; sourceTree = "<group>"; };
		8A75F1A325A1276400BDFCAA /* StockControllerEX.swift */ = {isa = PBXFileReference; lastKnownFileType = sourcecode.swift; path = StockControllerEX.swift; sourceTree = "<group>"; };
		8A75F1A725A1485800BDFCAA /* Date.swift */ = {isa = PBXFileReference; lastKnownFileType = sourcecode.swift; path = Date.swift; sourceTree = "<group>"; };
		8A7D0EF825975B3B0016CBB4 /* newsService.swift */ = {isa = PBXFileReference; lastKnownFileType = sourcecode.swift; path = newsService.swift; sourceTree = "<group>"; };
		8A7D0EFD25975C350016CBB4 /* NewsAPI.swift */ = {isa = PBXFileReference; lastKnownFileType = sourcecode.swift; path = NewsAPI.swift; sourceTree = "<group>"; };
		8A7D0F1D2597736D0016CBB4 /* constant.swift */ = {isa = PBXFileReference; lastKnownFileType = sourcecode.swift; path = constant.swift; sourceTree = "<group>"; };
		8A8130EA2577EEBF00D19AB6 /* tradingBasic.app */ = {isa = PBXFileReference; explicitFileType = wrapper.application; includeInIndex = 0; path = tradingBasic.app; sourceTree = BUILT_PRODUCTS_DIR; };
		8A8130ED2577EEBF00D19AB6 /* AppDelegate.swift */ = {isa = PBXFileReference; lastKnownFileType = sourcecode.swift; path = AppDelegate.swift; sourceTree = "<group>"; };
		8A8130EF2577EEBF00D19AB6 /* SceneDelegate.swift */ = {isa = PBXFileReference; lastKnownFileType = sourcecode.swift; path = SceneDelegate.swift; sourceTree = "<group>"; };
		8A8130F12577EEBF00D19AB6 /* GreatingViewController.swift */ = {isa = PBXFileReference; lastKnownFileType = sourcecode.swift; path = GreatingViewController.swift; sourceTree = "<group>"; };
		8A8130F92577EEC000D19AB6 /* Assets.xcassets */ = {isa = PBXFileReference; lastKnownFileType = folder.assetcatalog; path = Assets.xcassets; sourceTree = "<group>"; };
		8A8130FC2577EEC000D19AB6 /* Base */ = {isa = PBXFileReference; lastKnownFileType = file.storyboard; name = Base; path = Base.lproj/LaunchScreen.storyboard; sourceTree = "<group>"; };
		8A8130FE2577EEC000D19AB6 /* Info.plist */ = {isa = PBXFileReference; lastKnownFileType = text.plist.xml; path = Info.plist; sourceTree = "<group>"; };
		8A8131032577EEC100D19AB6 /* tradingBasicTests.xctest */ = {isa = PBXFileReference; explicitFileType = wrapper.cfbundle; includeInIndex = 0; path = tradingBasicTests.xctest; sourceTree = BUILT_PRODUCTS_DIR; };
		8A8131072577EEC100D19AB6 /* tradingBasicTests.swift */ = {isa = PBXFileReference; lastKnownFileType = sourcecode.swift; path = tradingBasicTests.swift; sourceTree = "<group>"; };
		8A8131092577EEC100D19AB6 /* Info.plist */ = {isa = PBXFileReference; lastKnownFileType = text.plist.xml; path = Info.plist; sourceTree = "<group>"; };
		8A81310E2577EEC100D19AB6 /* tradingBasicUITests.xctest */ = {isa = PBXFileReference; explicitFileType = wrapper.cfbundle; includeInIndex = 0; path = tradingBasicUITests.xctest; sourceTree = BUILT_PRODUCTS_DIR; };
		8A8131122577EEC100D19AB6 /* tradingBasicUITests.swift */ = {isa = PBXFileReference; lastKnownFileType = sourcecode.swift; path = tradingBasicUITests.swift; sourceTree = "<group>"; };
		8A8131142577EEC100D19AB6 /* Info.plist */ = {isa = PBXFileReference; lastKnownFileType = text.plist.xml; path = Info.plist; sourceTree = "<group>"; };
		8AB06E092581077200C96972 /* LottieView.swift */ = {isa = PBXFileReference; fileEncoding = 4; lastKnownFileType = sourcecode.swift; path = LottieView.swift; sourceTree = "<group>"; };
		8AB06E0F2581090900C96972 /* 17489-chart-blob-icon.json */ = {isa = PBXFileReference; fileEncoding = 4; lastKnownFileType = text.json; path = "17489-chart-blob-icon.json"; sourceTree = "<group>"; };
		8AB06E2825810A3B00C96972 /* charts.json */ = {isa = PBXFileReference; fileEncoding = 4; lastKnownFileType = text.json; path = charts.json; sourceTree = "<group>"; };
		8AB06E432581122900C96972 /* LoginPageController.swift */ = {isa = PBXFileReference; lastKnownFileType = sourcecode.swift; path = LoginPageController.swift; sourceTree = "<group>"; };
		8AB06E592581136200C96972 /* GreatingViewControllerEX.swift */ = {isa = PBXFileReference; lastKnownFileType = sourcecode.swift; path = GreatingViewControllerEX.swift; sourceTree = "<group>"; };
		8AB422CA25A3F690009D56AD /* MyStocksControllerEX.swift */ = {isa = PBXFileReference; lastKnownFileType = sourcecode.swift; path = MyStocksControllerEX.swift; sourceTree = "<group>"; };
		8AC55B0B25A3B10C004281CE /* MyStocksCellInitUI.swift */ = {isa = PBXFileReference; lastKnownFileType = sourcecode.swift; path = MyStocksCellInitUI.swift; sourceTree = "<group>"; };
		8AE0A27025A3A39B00565C78 /* MystocksCell.swift */ = {isa = PBXFileReference; lastKnownFileType = sourcecode.swift; name = MystocksCell.swift; path = "tradingBasic/pages/HomePages/New Group1/tradingBasic/pages/HomePages/New Group1/component/MystocksCell.swift"; sourceTree = SOURCE_ROOT; };
		8AE9F15325879D7300EF1E9B /* HomePageControllerInitUI.swift */ = {isa = PBXFileReference; lastKnownFileType = sourcecode.swift; path = HomePageControllerInitUI.swift; sourceTree = "<group>"; };
		8AE9F16A2587A25E00EF1E9B /* CropImage.swift */ = {isa = PBXFileReference; lastKnownFileType = sourcecode.swift; path = CropImage.swift; sourceTree = "<group>"; };
		8AE9F16F2587A2E900EF1E9B /* UIImageViewFromURL.swift */ = {isa = PBXFileReference; lastKnownFileType = sourcecode.swift; path = UIImageViewFromURL.swift; sourceTree = "<group>"; };
		8AE9F1772587A50A00EF1E9B /* API.swift */ = {isa = PBXFileReference; fileEncoding = 4; lastKnownFileType = sourcecode.swift; name = API.swift; path = tradingBasic/API.swift; sourceTree = SOURCE_ROOT; };
		8AE9F17C2587AD1E00EF1E9B /* HomePageControllerEX.swift */ = {isa = PBXFileReference; lastKnownFileType = sourcecode.swift; path = HomePageControllerEX.swift; sourceTree = "<group>"; };
		8AE9F1842587AE9400EF1E9B /* ProfilePageController.swift */ = {isa = PBXFileReference; lastKnownFileType = sourcecode.swift; path = ProfilePageController.swift; sourceTree = "<group>"; };
		8AF0592225782C8800CA0D9F /* GreatingViewControllerInitUI.swift */ = {isa = PBXFileReference; lastKnownFileType = sourcecode.swift; path = GreatingViewControllerInitUI.swift; sourceTree = "<group>"; };
		8AF786DD2586737400ACC21C /* Login.graphql */ = {isa = PBXFileReference; lastKnownFileType = text; path = Login.graphql; sourceTree = "<group>"; };
		8AFFB313259E2CBB00B5E8AE /* ArticleCell.swift */ = {isa = PBXFileReference; lastKnownFileType = sourcecode.swift; path = ArticleCell.swift; sourceTree = "<group>"; };
		8AFFB36C259E80D200B5E8AE /* UITableView+Shimmer.swift */ = {isa = PBXFileReference; fileEncoding = 4; lastKnownFileType = sourcecode.swift; path = "UITableView+Shimmer.swift"; sourceTree = "<group>"; };
		8AFFB36D259E80E600B5E8AE /* ShimmerOptions.swift */ = {isa = PBXFileReference; fileEncoding = 4; lastKnownFileType = sourcecode.swift; path = ShimmerOptions.swift; sourceTree = "<group>"; };
		8AFFB36E259E80F700B5E8AE /* UICollectionView+Shimmer.swift */ = {isa = PBXFileReference; fileEncoding = 4; lastKnownFileType = sourcecode.swift; path = "UICollectionView+Shimmer.swift"; sourceTree = "<group>"; };
		8AFFB36F259E810800B5E8AE /* UIView+Shimmer.swift */ = {isa = PBXFileReference; fileEncoding = 4; lastKnownFileType = sourcecode.swift; path = "UIView+Shimmer.swift"; sourceTree = "<group>"; };
		92E438EB2E3DA4F56408F310 /* Pods-tradingBasic-tradingBasicUITests.release.xcconfig */ = {isa = PBXFileReference; includeInIndex = 1; lastKnownFileType = text.xcconfig; name = "Pods-tradingBasic-tradingBasicUITests.release.xcconfig"; path = "Target Support Files/Pods-tradingBasic-tradingBasicUITests/Pods-tradingBasic-tradingBasicUITests.release.xcconfig"; sourceTree = "<group>"; };
		93FD2CCC598D37C997AD8A17 /* Pods_tradingBasicTests.framework */ = {isa = PBXFileReference; explicitFileType = wrapper.framework; includeInIndex = 0; path = Pods_tradingBasicTests.framework; sourceTree = BUILT_PRODUCTS_DIR; };
		97C396CED1A4790958C7BB92 /* Pods-tradingBasic-tradingBasicUITests.debug.xcconfig */ = {isa = PBXFileReference; includeInIndex = 1; lastKnownFileType = text.xcconfig; name = "Pods-tradingBasic-tradingBasicUITests.debug.xcconfig"; path = "Target Support Files/Pods-tradingBasic-tradingBasicUITests/Pods-tradingBasic-tradingBasicUITests.debug.xcconfig"; sourceTree = "<group>"; };
		A2241F2889A925EFC871F427 /* Pods_tradingBasic.framework */ = {isa = PBXFileReference; explicitFileType = wrapper.framework; includeInIndex = 0; path = Pods_tradingBasic.framework; sourceTree = BUILT_PRODUCTS_DIR; };
		CC90C9D20930EB3F95DF11BD /* Pods-tradingBasic.debug.xcconfig */ = {isa = PBXFileReference; includeInIndex = 1; lastKnownFileType = text.xcconfig; name = "Pods-tradingBasic.debug.xcconfig"; path = "Target Support Files/Pods-tradingBasic/Pods-tradingBasic.debug.xcconfig"; sourceTree = "<group>"; };
		E3035583CE34505851375484 /* Pods_tradingBasic_tradingBasicUITests.framework */ = {isa = PBXFileReference; explicitFileType = wrapper.framework; includeInIndex = 0; path = Pods_tradingBasic_tradingBasicUITests.framework; sourceTree = BUILT_PRODUCTS_DIR; };
		E4C9CB642B1D2B0EBD7F3740 /* Pods-tradingBasicTests.debug.xcconfig */ = {isa = PBXFileReference; includeInIndex = 1; lastKnownFileType = text.xcconfig; name = "Pods-tradingBasicTests.debug.xcconfig"; path = "Target Support Files/Pods-tradingBasicTests/Pods-tradingBasicTests.debug.xcconfig"; sourceTree = "<group>"; };
		F30CC58D1E740DB97E277BC8 /* Pods-tradingBasic.release.xcconfig */ = {isa = PBXFileReference; includeInIndex = 1; lastKnownFileType = text.xcconfig; name = "Pods-tradingBasic.release.xcconfig"; path = "Target Support Files/Pods-tradingBasic/Pods-tradingBasic.release.xcconfig"; sourceTree = "<group>"; };
/* End PBXFileReference section */

/* Begin PBXFrameworksBuildPhase section */
		8A8130E72577EEBF00D19AB6 /* Frameworks */ = {
			isa = PBXFrameworksBuildPhase;
			buildActionMask = 2147483647;
			files = (
				8E8145C0B34D5E26B825F350 /* Pods_tradingBasic.framework in Frameworks */,
			);
			runOnlyForDeploymentPostprocessing = 0;
		};
		8A8131002577EEC100D19AB6 /* Frameworks */ = {
			isa = PBXFrameworksBuildPhase;
			buildActionMask = 2147483647;
			files = (
				52671DA168C0D0A75C484270 /* Pods_tradingBasicTests.framework in Frameworks */,
			);
			runOnlyForDeploymentPostprocessing = 0;
		};
		8A81310B2577EEC100D19AB6 /* Frameworks */ = {
			isa = PBXFrameworksBuildPhase;
			buildActionMask = 2147483647;
			files = (
				B51D7BC556B6437FD7A9F1BF /* Pods_tradingBasic_tradingBasicUITests.framework in Frameworks */,
			);
			runOnlyForDeploymentPostprocessing = 0;
		};
/* End PBXFrameworksBuildPhase section */

/* Begin PBXGroup section */
		5E4BA1718988B2536A151B87 /* Pods */ = {
			isa = PBXGroup;
			children = (
				CC90C9D20930EB3F95DF11BD /* Pods-tradingBasic.debug.xcconfig */,
				F30CC58D1E740DB97E277BC8 /* Pods-tradingBasic.release.xcconfig */,
				97C396CED1A4790958C7BB92 /* Pods-tradingBasic-tradingBasicUITests.debug.xcconfig */,
				92E438EB2E3DA4F56408F310 /* Pods-tradingBasic-tradingBasicUITests.release.xcconfig */,
				E4C9CB642B1D2B0EBD7F3740 /* Pods-tradingBasicTests.debug.xcconfig */,
				503704A0A82D66BA88698598 /* Pods-tradingBasicTests.release.xcconfig */,
			);
			path = Pods;
			sourceTree = "<group>";
		};
		73D11D5530404B4E80E97DAA /* Frameworks */ = {
			isa = PBXGroup;
			children = (
				A2241F2889A925EFC871F427 /* Pods_tradingBasic.framework */,
				E3035583CE34505851375484 /* Pods_tradingBasic_tradingBasicUITests.framework */,
				93FD2CCC598D37C997AD8A17 /* Pods_tradingBasicTests.framework */,
			);
			name = Frameworks;
			sourceTree = "<group>";
		};
		8A00D7B6259E8AAA00FD65B7 /* stocks */ = {
			isa = PBXGroup;
			children = (
				8A75F15225A0C76200BDFCAA /* component */,
				8A75F13025A0BAB500BDFCAA /* StocksController.swift */,
				8A75F15B25A0E59600BDFCAA /* StocksControllerInitUI.swift */,
				8A75F1A325A1276400BDFCAA /* StockControllerEX.swift */,
			);
			path = stocks;
			sourceTree = "<group>";
		};
		8A00D7B7259E8AB200FD65B7 /* myStocks */ = {
			isa = PBXGroup;
			children = (
				8AE0A27425A3A3AC00565C78 /* component */,
				8A75F13D25A0BB4B00BDFCAA /* MyStocksController.swift */,
				8AC55B0B25A3B10C004281CE /* MyStocksCellInitUI.swift */,
				8AB422CA25A3F690009D56AD /* MyStocksControllerEX.swift */,
			);
			name = myStocks;
			path = "New Group1";
			sourceTree = "<group>";
		};
		8A1953B3258509800088771A /* QL */ = {
			isa = PBXGroup;
			children = (
				8AE9F1772587A50A00EF1E9B /* API.swift */,
				8A1953B4258509930088771A /* schema.json */,
				8AF786DD2586737400ACC21C /* Login.graphql */,
			);
			path = QL;
			sourceTree = "<group>";
		};
		8A39A00A2584F6820090A08D /* ressources */ = {
			isa = PBXGroup;
			children = (
				8A39A00B2584F68E0090A08D /* SVG */,
				8AB06E0E258108FC00C96972 /* lottie */,
			);
			path = ressources;
			sourceTree = "<group>";
		};
		8A39A00B2584F68E0090A08D /* SVG */ = {
			isa = PBXGroup;
			children = (
				8A39A0112584F6A40090A08D /* mail.svg */,
				8A39A00D2584F6A30090A08D /* menu_oval.svg */,
				8A39A0102584F6A40090A08D /* password.svg */,
				8A39A00E2584F6A30090A08D /* userIcon.svg */,
				8A39A00F2584F6A40090A08D /* userIconTextField.svg */,
			);
			path = SVG;
			sourceTree = "<group>";
		};
		8A4500BD25A665BD00A39D8F /* basicTradeTranslation */ = {
			isa = PBXGroup;
			children = (
				8A4500D125A6697900A39D8F /* Localizable.strings */,
			);
			path = basicTradeTranslation;
			sourceTree = "<group>";
		};
		8A5381A72586980B0009AEC7 /* services */ = {
			isa = PBXGroup;
			children = (
				8A5381A8258698210009AEC7 /* AuthService.swift */,
				8A7D0EF825975B3B0016CBB4 /* newsService.swift */,
				8A75F14225A0BB9B00BDFCAA /* StocksService.swift */,
			);
			path = services;
			sourceTree = "<group>";
		};
		8A5381AD25869C850009AEC7 /* models */ = {
			isa = PBXGroup;
			children = (
				8A5381AE25869C960009AEC7 /* enum.swift */,
				8A5381C72586C34B0009AEC7 /* User.swift */,
				8A7D0EFD25975C350016CBB4 /* NewsAPI.swift */,
				8A7D0F1D2597736D0016CBB4 /* constant.swift */,
				8A75F14725A0BC1800BDFCAA /* Stocks.swift */,
			);
			path = models;
			sourceTree = "<group>";
		};
		8A5381D42586D4BA0009AEC7 /* home */ = {
			isa = PBXGroup;
			children = (
				8AE9F1832587AE7D00EF1E9B /* profile */,
				8AFFB312259E2C8800B5E8AE /* component */,
				8A5381D52586D50B0009AEC7 /* HomePageController.swift */,
				8AE9F15325879D7300EF1E9B /* HomePageControllerInitUI.swift */,
				8AE9F17C2587AD1E00EF1E9B /* HomePageControllerEX.swift */,
			);
			path = home;
			sourceTree = "<group>";
		};
		8A75F15225A0C76200BDFCAA /* component */ = {
			isa = PBXGroup;
			children = (
				8A75F15325A0C79700BDFCAA /* StocksCell.swift */,
			);
			path = component;
			sourceTree = "<group>";
		};
		8A8130E12577EEBF00D19AB6 = {
			isa = PBXGroup;
			children = (
				8A8130EC2577EEBF00D19AB6 /* tradingBasic */,
				8A8131062577EEC100D19AB6 /* tradingBasicTests */,
				8A8131112577EEC100D19AB6 /* tradingBasicUITests */,
				8A8130EB2577EEBF00D19AB6 /* Products */,
				5E4BA1718988B2536A151B87 /* Pods */,
				73D11D5530404B4E80E97DAA /* Frameworks */,
			);
			sourceTree = "<group>";
		};
		8A8130EB2577EEBF00D19AB6 /* Products */ = {
			isa = PBXGroup;
			children = (
				8A8130EA2577EEBF00D19AB6 /* tradingBasic.app */,
				8A8131032577EEC100D19AB6 /* tradingBasicTests.xctest */,
				8A81310E2577EEC100D19AB6 /* tradingBasicUITests.xctest */,
			);
			name = Products;
			sourceTree = "<group>";
		};
		8A8130EC2577EEBF00D19AB6 /* tradingBasic */ = {
			isa = PBXGroup;
			children = (
				8A4500BD25A665BD00A39D8F /* basicTradeTranslation */,
				8A5381AD25869C850009AEC7 /* models */,
				8A5381A72586980B0009AEC7 /* services */,
				8A1953B3258509800088771A /* QL */,
				8A39A00A2584F6820090A08D /* ressources */,
				8AB06E032581062300C96972 /* extension */,
				8A81312F2577F66300D19AB6 /* pages */,
				8A81312D2577F64000D19AB6 /* StoryBoards */,
				8A81312E2577F65300D19AB6 /* mandatory */,
				8A8130F92577EEC000D19AB6 /* Assets.xcassets */,
				8A8130FB2577EEC000D19AB6 /* LaunchScreen.storyboard */,
				8A8130FE2577EEC000D19AB6 /* Info.plist */,
			);
			path = tradingBasic;
			sourceTree = "<group>";
		};
		8A8131062577EEC100D19AB6 /* tradingBasicTests */ = {
			isa = PBXGroup;
			children = (
				8A8131072577EEC100D19AB6 /* tradingBasicTests.swift */,
				8A8131092577EEC100D19AB6 /* Info.plist */,
			);
			path = tradingBasicTests;
			sourceTree = "<group>";
		};
		8A8131112577EEC100D19AB6 /* tradingBasicUITests */ = {
			isa = PBXGroup;
			children = (
				8A8131122577EEC100D19AB6 /* tradingBasicUITests.swift */,
				8A8131142577EEC100D19AB6 /* Info.plist */,
			);
			path = tradingBasicUITests;
			sourceTree = "<group>";
		};
		8A81312D2577F64000D19AB6 /* StoryBoards */ = {
			isa = PBXGroup;
			children = (
				8A45008D25A654E900A39D8F /* Main.storyboard */,
				8A45009E25A6586300A39D8F /* Home.storyboard */,
			);
			path = StoryBoards;
			sourceTree = "<group>";
		};
		8A81312E2577F65300D19AB6 /* mandatory */ = {
			isa = PBXGroup;
			children = (
				8A8130ED2577EEBF00D19AB6 /* AppDelegate.swift */,
				8A8130EF2577EEBF00D19AB6 /* SceneDelegate.swift */,
			);
			path = mandatory;
			sourceTree = "<group>";
		};
		8A81312F2577F66300D19AB6 /* pages */ = {
			isa = PBXGroup;
			children = (
				8AE9F1822587AE7000EF1E9B /* HomePages */,
				8AE9F1812587AE6200EF1E9B /* GreatingPages */,
			);
			path = pages;
			sourceTree = "<group>";
		};
		8A8131332577F6F400D19AB6 /* greating */ = {
			isa = PBXGroup;
			children = (
				8A8130F12577EEBF00D19AB6 /* GreatingViewController.swift */,
				8AF0592225782C8800CA0D9F /* GreatingViewControllerInitUI.swift */,
				8AB06E592581136200C96972 /* GreatingViewControllerEX.swift */,
			);
			path = greating;
			sourceTree = "<group>";
		};
		8AB06E032581062300C96972 /* extension */ = {
			isa = PBXGroup;
			children = (
				8AFFB337259E801B00B5E8AE /* Shimmer */,
				8AB06E092581077200C96972 /* LottieView.swift */,
				8A399FF72584F5EB0090A08D /* UITextFieldEXWithSVG.swift */,
				8AE9F16A2587A25E00EF1E9B /* CropImage.swift */,
				8AE9F16F2587A2E900EF1E9B /* UIImageViewFromURL.swift */,
				8A75F1A725A1485800BDFCAA /* Date.swift */,
			);
			path = extension;
			sourceTree = "<group>";
		};
		8AB06E0E258108FC00C96972 /* lottie */ = {
			isa = PBXGroup;
			children = (
				8AB06E2825810A3B00C96972 /* charts.json */,
				8AB06E0F2581090900C96972 /* 17489-chart-blob-icon.json */,
			);
			path = lottie;
			sourceTree = "<group>";
		};
		8AB06E422581121000C96972 /* login */ = {
			isa = PBXGroup;
			children = (
				8AB06E432581122900C96972 /* LoginPageController.swift */,
				8A399FED2583CB8A0090A08D /* LoginPageControllerEX.swift */,
				8A399FF22583CB9A0090A08D /* LoginPageControllerInitUI.swift */,
			);
			path = login;
			sourceTree = "<group>";
		};
		8AE0A27425A3A3AC00565C78 /* component */ = {
			isa = PBXGroup;
			children = (
				8AE0A27025A3A39B00565C78 /* MystocksCell.swift */,
			);
			name = component;
			path = "tradingBasic/pages/HomePages/New Group1/component";
			sourceTree = "<group>";
		};
		8AE9F1812587AE6200EF1E9B /* GreatingPages */ = {
			isa = PBXGroup;
			children = (
				8AB06E422581121000C96972 /* login */,
				8A8131332577F6F400D19AB6 /* greating */,
			);
			path = GreatingPages;
			sourceTree = "<group>";
		};
		8AE9F1822587AE7000EF1E9B /* HomePages */ = {
			isa = PBXGroup;
			children = (
				8A5381D42586D4BA0009AEC7 /* home */,
				8A00D7B6259E8AAA00FD65B7 /* stocks */,
				8A00D7B7259E8AB200FD65B7 /* myStocks */,
			);
			path = HomePages;
			sourceTree = "<group>";
		};
		8AE9F1832587AE7D00EF1E9B /* profile */ = {
			isa = PBXGroup;
			children = (
				8AE9F1842587AE9400EF1E9B /* ProfilePageController.swift */,
			);
			path = profile;
			sourceTree = "<group>";
		};
		8AFFB312259E2C8800B5E8AE /* component */ = {
			isa = PBXGroup;
			children = (
				8AFFB313259E2CBB00B5E8AE /* ArticleCell.swift */,
			);
			path = component;
			sourceTree = "<group>";
		};
		8AFFB337259E801B00B5E8AE /* Shimmer */ = {
			isa = PBXGroup;
			children = (
				8A00D79F259E815C00FD65B7 /* ShimmerAnimation.swift */,
				8AFFB36D259E80E600B5E8AE /* ShimmerOptions.swift */,
				8AFFB36E259E80F700B5E8AE /* UICollectionView+Shimmer.swift */,
				8AFFB36C259E80D200B5E8AE /* UITableView+Shimmer.swift */,
				8AFFB36F259E810800B5E8AE /* UIView+Shimmer.swift */,
			);
			path = Shimmer;
			sourceTree = "<group>";
		};
/* End PBXGroup section */

/* Begin PBXNativeTarget section */
		8A8130E92577EEBF00D19AB6 /* tradingBasic */ = {
			isa = PBXNativeTarget;
			buildConfigurationList = 8A8131172577EEC100D19AB6 /* Build configuration list for PBXNativeTarget "tradingBasic" */;
			buildPhases = (
				76889E86E26C7C198AC2063A /* [CP] Check Pods Manifest.lock */,
				8AF786E22586759B00ACC21C /* Generate graphQL API */,
				8A8130E62577EEBF00D19AB6 /* Sources */,
				8A8130E72577EEBF00D19AB6 /* Frameworks */,
				8A8130E82577EEBF00D19AB6 /* Resources */,
				01D1CF33B23C455E0FBE213C /* [CP] Embed Pods Frameworks */,
				8A75F16625A1067300BDFCAA /* Embed Frameworks */,
			);
			buildRules = (
			);
			dependencies = (
			);
			name = tradingBasic;
			packageProductDependencies = (
			);
			productName = tradingBasic;
			productReference = 8A8130EA2577EEBF00D19AB6 /* tradingBasic.app */;
			productType = "com.apple.product-type.application";
		};
		8A8131022577EEC100D19AB6 /* tradingBasicTests */ = {
			isa = PBXNativeTarget;
			buildConfigurationList = 8A81311A2577EEC100D19AB6 /* Build configuration list for PBXNativeTarget "tradingBasicTests" */;
			buildPhases = (
				CD1746593BF7561689C2DBEE /* [CP] Check Pods Manifest.lock */,
				8A8130FF2577EEC100D19AB6 /* Sources */,
				8A8131002577EEC100D19AB6 /* Frameworks */,
				8A8131012577EEC100D19AB6 /* Resources */,
			);
			buildRules = (
			);
			dependencies = (
				8A8131052577EEC100D19AB6 /* PBXTargetDependency */,
			);
			name = tradingBasicTests;
			productName = tradingBasicTests;
			productReference = 8A8131032577EEC100D19AB6 /* tradingBasicTests.xctest */;
			productType = "com.apple.product-type.bundle.unit-test";
		};
		8A81310D2577EEC100D19AB6 /* tradingBasicUITests */ = {
			isa = PBXNativeTarget;
			buildConfigurationList = 8A81311D2577EEC100D19AB6 /* Build configuration list for PBXNativeTarget "tradingBasicUITests" */;
			buildPhases = (
				5F5296A4FD1BCC1111FD9E9A /* [CP] Check Pods Manifest.lock */,
				8A81310A2577EEC100D19AB6 /* Sources */,
				8A81310B2577EEC100D19AB6 /* Frameworks */,
				8A81310C2577EEC100D19AB6 /* Resources */,
				03E164D2E0BD6B4212BEB59F /* [CP] Embed Pods Frameworks */,
			);
			buildRules = (
			);
			dependencies = (
				8A8131102577EEC100D19AB6 /* PBXTargetDependency */,
			);
			name = tradingBasicUITests;
			productName = tradingBasicUITests;
			productReference = 8A81310E2577EEC100D19AB6 /* tradingBasicUITests.xctest */;
			productType = "com.apple.product-type.bundle.ui-testing";
		};
/* End PBXNativeTarget section */

/* Begin PBXProject section */
		8A8130E22577EEBF00D19AB6 /* Project object */ = {
			isa = PBXProject;
			attributes = {
				LastSwiftUpdateCheck = 1220;
				LastUpgradeCheck = 1220;
				TargetAttributes = {
					8A8130E92577EEBF00D19AB6 = {
						CreatedOnToolsVersion = 12.2;
					};
					8A8131022577EEC100D19AB6 = {
						CreatedOnToolsVersion = 12.2;
						TestTargetID = 8A8130E92577EEBF00D19AB6;
					};
					8A81310D2577EEC100D19AB6 = {
						CreatedOnToolsVersion = 12.2;
						TestTargetID = 8A8130E92577EEBF00D19AB6;
					};
				};
			};
			buildConfigurationList = 8A8130E52577EEBF00D19AB6 /* Build configuration list for PBXProject "tradingBasic" */;
			compatibilityVersion = "Xcode 9.3";
			developmentRegion = en;
			hasScannedForEncodings = 0;
			knownRegions = (
				en,
				Base,
				fr,
				uk,
				ru,
			);
			mainGroup = 8A8130E12577EEBF00D19AB6;
			packageReferences = (
			);
			productRefGroup = 8A8130EB2577EEBF00D19AB6 /* Products */;
			projectDirPath = "";
			projectRoot = "";
			targets = (
				8A8130E92577EEBF00D19AB6 /* tradingBasic */,
				8A8131022577EEC100D19AB6 /* tradingBasicTests */,
				8A81310D2577EEC100D19AB6 /* tradingBasicUITests */,
			);
		};
/* End PBXProject section */

/* Begin PBXResourcesBuildPhase section */
		8A8130E82577EEBF00D19AB6 /* Resources */ = {
			isa = PBXResourcesBuildPhase;
			buildActionMask = 2147483647;
			files = (
				8A39A0132584F6A40090A08D /* menu_oval.svg in Resources */,
				8AB06E102581090900C96972 /* 17489-chart-blob-icon.json in Resources */,
				8A39A0142584F6A40090A08D /* userIcon.svg in Resources */,
				8A39A0162584F6A40090A08D /* password.svg in Resources */,
				8A1953B5258509930088771A /* schema.json in Resources */,
				8AF786DE2586737400ACC21C /* Login.graphql in Resources */,
				8A45008B25A654E900A39D8F /* Main.storyboard in Resources */,
				8A45009C25A6586300A39D8F /* Home.storyboard in Resources */,
				8A8130FD2577EEC000D19AB6 /* LaunchScreen.storyboard in Resources */,
				8A4500CF25A6697900A39D8F /* Localizable.strings in Resources */,
				8A39A0152584F6A40090A08D /* userIconTextField.svg in Resources */,
				8A39A0172584F6A40090A08D /* mail.svg in Resources */,
				8AB06E2925810A3B00C96972 /* charts.json in Resources */,
				8A8130FA2577EEC000D19AB6 /* Assets.xcassets in Resources */,
			);
			runOnlyForDeploymentPostprocessing = 0;
		};
		8A8131012577EEC100D19AB6 /* Resources */ = {
			isa = PBXResourcesBuildPhase;
			buildActionMask = 2147483647;
			files = (
			);
			runOnlyForDeploymentPostprocessing = 0;
		};
		8A81310C2577EEC100D19AB6 /* Resources */ = {
			isa = PBXResourcesBuildPhase;
			buildActionMask = 2147483647;
			files = (
			);
			runOnlyForDeploymentPostprocessing = 0;
		};
/* End PBXResourcesBuildPhase section */

/* Begin PBXShellScriptBuildPhase section */
		01D1CF33B23C455E0FBE213C /* [CP] Embed Pods Frameworks */ = {
			isa = PBXShellScriptBuildPhase;
			buildActionMask = 2147483647;
			files = (
			);
			inputFileListPaths = (
				"${PODS_ROOT}/Target Support Files/Pods-tradingBasic/Pods-tradingBasic-frameworks-${CONFIGURATION}-input-files.xcfilelist",
			);
			name = "[CP] Embed Pods Frameworks";
			outputFileListPaths = (
				"${PODS_ROOT}/Target Support Files/Pods-tradingBasic/Pods-tradingBasic-frameworks-${CONFIGURATION}-output-files.xcfilelist",
			);
			runOnlyForDeploymentPostprocessing = 0;
			shellPath = /bin/sh;
			shellScript = "\"${PODS_ROOT}/Target Support Files/Pods-tradingBasic/Pods-tradingBasic-frameworks.sh\"\n";
			showEnvVarsInLog = 0;
		};
		03E164D2E0BD6B4212BEB59F /* [CP] Embed Pods Frameworks */ = {
			isa = PBXShellScriptBuildPhase;
			buildActionMask = 2147483647;
			files = (
			);
			inputFileListPaths = (
				"${PODS_ROOT}/Target Support Files/Pods-tradingBasic-tradingBasicUITests/Pods-tradingBasic-tradingBasicUITests-frameworks-${CONFIGURATION}-input-files.xcfilelist",
			);
			name = "[CP] Embed Pods Frameworks";
			outputFileListPaths = (
				"${PODS_ROOT}/Target Support Files/Pods-tradingBasic-tradingBasicUITests/Pods-tradingBasic-tradingBasicUITests-frameworks-${CONFIGURATION}-output-files.xcfilelist",
			);
			runOnlyForDeploymentPostprocessing = 0;
			shellPath = /bin/sh;
			shellScript = "\"${PODS_ROOT}/Target Support Files/Pods-tradingBasic-tradingBasicUITests/Pods-tradingBasic-tradingBasicUITests-frameworks.sh\"\n";
			showEnvVarsInLog = 0;
		};
		5F5296A4FD1BCC1111FD9E9A /* [CP] Check Pods Manifest.lock */ = {
			isa = PBXShellScriptBuildPhase;
			buildActionMask = 2147483647;
			files = (
			);
			inputFileListPaths = (
			);
			inputPaths = (
				"${PODS_PODFILE_DIR_PATH}/Podfile.lock",
				"${PODS_ROOT}/Manifest.lock",
			);
			name = "[CP] Check Pods Manifest.lock";
			outputFileListPaths = (
			);
			outputPaths = (
				"$(DERIVED_FILE_DIR)/Pods-tradingBasic-tradingBasicUITests-checkManifestLockResult.txt",
			);
			runOnlyForDeploymentPostprocessing = 0;
			shellPath = /bin/sh;
			shellScript = "diff \"${PODS_PODFILE_DIR_PATH}/Podfile.lock\" \"${PODS_ROOT}/Manifest.lock\" > /dev/null\nif [ $? != 0 ] ; then\n    # print error to STDERR\n    echo \"error: The sandbox is not in sync with the Podfile.lock. Run 'pod install' or update your CocoaPods installation.\" >&2\n    exit 1\nfi\n# This output is used by Xcode 'outputs' to avoid re-running this script phase.\necho \"SUCCESS\" > \"${SCRIPT_OUTPUT_FILE_0}\"\n";
			showEnvVarsInLog = 0;
		};
		76889E86E26C7C198AC2063A /* [CP] Check Pods Manifest.lock */ = {
			isa = PBXShellScriptBuildPhase;
			buildActionMask = 2147483647;
			files = (
			);
			inputFileListPaths = (
			);
			inputPaths = (
				"${PODS_PODFILE_DIR_PATH}/Podfile.lock",
				"${PODS_ROOT}/Manifest.lock",
			);
			name = "[CP] Check Pods Manifest.lock";
			outputFileListPaths = (
			);
			outputPaths = (
				"$(DERIVED_FILE_DIR)/Pods-tradingBasic-checkManifestLockResult.txt",
			);
			runOnlyForDeploymentPostprocessing = 0;
			shellPath = /bin/sh;
			shellScript = "diff \"${PODS_PODFILE_DIR_PATH}/Podfile.lock\" \"${PODS_ROOT}/Manifest.lock\" > /dev/null\nif [ $? != 0 ] ; then\n    # print error to STDERR\n    echo \"error: The sandbox is not in sync with the Podfile.lock. Run 'pod install' or update your CocoaPods installation.\" >&2\n    exit 1\nfi\n# This output is used by Xcode 'outputs' to avoid re-running this script phase.\necho \"SUCCESS\" > \"${SCRIPT_OUTPUT_FILE_0}\"\n";
			showEnvVarsInLog = 0;
		};
		8AF786E22586759B00ACC21C /* Generate graphQL API */ = {
			isa = PBXShellScriptBuildPhase;
			buildActionMask = 2147483647;
			files = (
			);
			inputFileListPaths = (
			);
			inputPaths = (
			);
			name = "Generate graphQL API";
			outputFileListPaths = (
			);
			outputPaths = (
			);
			runOnlyForDeploymentPostprocessing = 0;
			shellPath = /bin/sh;
			shellScript = "SCRIPT_PATH=\"${PODS_ROOT}/Apollo/scripts\"\ncd \"${SRCROOT}/${TARGET_NAME}\"\n\"${SCRIPT_PATH}\"/run-bundled-codegen.sh codegen:generate --target=swift --includes=./**/*.graphql --localSchemaFile=\"QL/schema.json\" API.swift\n";
		};
		CD1746593BF7561689C2DBEE /* [CP] Check Pods Manifest.lock */ = {
			isa = PBXShellScriptBuildPhase;
			buildActionMask = 2147483647;
			files = (
			);
			inputFileListPaths = (
			);
			inputPaths = (
				"${PODS_PODFILE_DIR_PATH}/Podfile.lock",
				"${PODS_ROOT}/Manifest.lock",
			);
			name = "[CP] Check Pods Manifest.lock";
			outputFileListPaths = (
			);
			outputPaths = (
				"$(DERIVED_FILE_DIR)/Pods-tradingBasicTests-checkManifestLockResult.txt",
			);
			runOnlyForDeploymentPostprocessing = 0;
			shellPath = /bin/sh;
			shellScript = "diff \"${PODS_PODFILE_DIR_PATH}/Podfile.lock\" \"${PODS_ROOT}/Manifest.lock\" > /dev/null\nif [ $? != 0 ] ; then\n    # print error to STDERR\n    echo \"error: The sandbox is not in sync with the Podfile.lock. Run 'pod install' or update your CocoaPods installation.\" >&2\n    exit 1\nfi\n# This output is used by Xcode 'outputs' to avoid re-running this script phase.\necho \"SUCCESS\" > \"${SCRIPT_OUTPUT_FILE_0}\"\n";
			showEnvVarsInLog = 0;
		};
/* End PBXShellScriptBuildPhase section */

/* Begin PBXSourcesBuildPhase section */
		8A8130E62577EEBF00D19AB6 /* Sources */ = {
			isa = PBXSourcesBuildPhase;
			buildActionMask = 2147483647;
			files = (
				8A7D0EFE25975C350016CBB4 /* NewsAPI.swift in Sources */,
				8A75F14825A0BC1800BDFCAA /* Stocks.swift in Sources */,
				8AFFB372259E810900B5E8AE /* UICollectionView+Shimmer.swift in Sources */,
				8AFFB371259E810800B5E8AE /* ShimmerOptions.swift in Sources */,
				8AE9F1782587A50A00EF1E9B /* API.swift in Sources */,
				8A8130F22577EEBF00D19AB6 /* GreatingViewController.swift in Sources */,
				8AE0A27125A3A39B00565C78 /* MystocksCell.swift in Sources */,
				8AB422CB25A3F690009D56AD /* MyStocksControllerEX.swift in Sources */,
				8A00D7A0259E815C00FD65B7 /* ShimmerAnimation.swift in Sources */,
				8AE9F1852587AE9400EF1E9B /* ProfilePageController.swift in Sources */,
				8A5381AF25869C960009AEC7 /* enum.swift in Sources */,
				8AE9F17D2587AD1E00EF1E9B /* HomePageControllerEX.swift in Sources */,
				8AE9F1702587A2E900EF1E9B /* UIImageViewFromURL.swift in Sources */,
				8AB06E442581122900C96972 /* LoginPageController.swift in Sources */,
				8A75F13125A0BAB500BDFCAA /* StocksController.swift in Sources */,
				8A399FEE2583CB8A0090A08D /* LoginPageControllerEX.swift in Sources */,
				8A75F14325A0BB9B00BDFCAA /* StocksService.swift in Sources */,
				8A8130EE2577EEBF00D19AB6 /* AppDelegate.swift in Sources */,
				8AFFB373259E810900B5E8AE /* UIView+Shimmer.swift in Sources */,
				8A8130F02577EEBF00D19AB6 /* SceneDelegate.swift in Sources */,
				8A5381A9258698210009AEC7 /* AuthService.swift in Sources */,
				8A75F15425A0C79700BDFCAA /* StocksCell.swift in Sources */,
				8AFFB314259E2CBB00B5E8AE /* ArticleCell.swift in Sources */,
				8A5381C82586C34B0009AEC7 /* User.swift in Sources */,
				8A75F13E25A0BB4B00BDFCAA /* MyStocksController.swift in Sources */,
				8A399FF32583CB9A0090A08D /* LoginPageControllerInitUI.swift in Sources */,
				8AC55B0C25A3B10C004281CE /* MyStocksCellInitUI.swift in Sources */,
				8A399FF82584F5EB0090A08D /* UITextFieldEXWithSVG.swift in Sources */,
				8A7D0F1E2597736D0016CBB4 /* constant.swift in Sources */,
				8AF0592325782C8800CA0D9F /* GreatingViewControllerInitUI.swift in Sources */,
				8AB06E5A2581136200C96972 /* GreatingViewControllerEX.swift in Sources */,
				8AE9F15425879D7300EF1E9B /* HomePageControllerInitUI.swift in Sources */,
				8AFFB370259E810800B5E8AE /* UITableView+Shimmer.swift in Sources */,
				8A5381D62586D50B0009AEC7 /* HomePageController.swift in Sources */,
				8A75F15C25A0E59600BDFCAA /* StocksControllerInitUI.swift in Sources */,
				8A75F1A425A1276400BDFCAA /* StockControllerEX.swift in Sources */,
				8AE9F16B2587A25E00EF1E9B /* CropImage.swift in Sources */,
				8A75F1A825A1485800BDFCAA /* Date.swift in Sources */,
				8A7D0EF925975B3B0016CBB4 /* newsService.swift in Sources */,
				8AB06E0A2581077300C96972 /* LottieView.swift in Sources */,
			);
			runOnlyForDeploymentPostprocessing = 0;
		};
		8A8130FF2577EEC100D19AB6 /* Sources */ = {
			isa = PBXSourcesBuildPhase;
			buildActionMask = 2147483647;
			files = (
				8A8131082577EEC100D19AB6 /* tradingBasicTests.swift in Sources */,
			);
			runOnlyForDeploymentPostprocessing = 0;
		};
		8A81310A2577EEC100D19AB6 /* Sources */ = {
			isa = PBXSourcesBuildPhase;
			buildActionMask = 2147483647;
			files = (
				8A8131132577EEC100D19AB6 /* tradingBasicUITests.swift in Sources */,
			);
			runOnlyForDeploymentPostprocessing = 0;
		};
/* End PBXSourcesBuildPhase section */

/* Begin PBXTargetDependency section */
		8A8131052577EEC100D19AB6 /* PBXTargetDependency */ = {
			isa = PBXTargetDependency;
			target = 8A8130E92577EEBF00D19AB6 /* tradingBasic */;
			targetProxy = 8A8131042577EEC100D19AB6 /* PBXContainerItemProxy */;
		};
		8A8131102577EEC100D19AB6 /* PBXTargetDependency */ = {
			isa = PBXTargetDependency;
			target = 8A8130E92577EEBF00D19AB6 /* tradingBasic */;
			targetProxy = 8A81310F2577EEC100D19AB6 /* PBXContainerItemProxy */;
		};
/* End PBXTargetDependency section */

/* Begin PBXVariantGroup section */
		8A45008D25A654E900A39D8F /* Main.storyboard */ = {
			isa = PBXVariantGroup;
			children = (
				8A45009025A6550A00A39D8F /* Base */,
				8A45009925A6573D00A39D8F /* en */,
				8A4500C325A6663200A39D8F /* fr */,
				8A60E80825A8DFE8003B0CB3 /* uk */,
				8A60E80C25A8E0C3003B0CB3 /* ru */,
			);
			name = Main.storyboard;
			sourceTree = "<group>";
		};
		8A45009E25A6586300A39D8F /* Home.storyboard */ = {
			isa = PBXVariantGroup;
			children = (
				8A45009D25A6586300A39D8F /* Base */,
				8A4500A225A6588800A39D8F /* en */,
				8A4500C425A6664300A39D8F /* fr */,
				8A60E80925A8DFF9003B0CB3 /* uk */,
				8A60E80D25A8E0DA003B0CB3 /* ru */,
			);
			name = Home.storyboard;
			sourceTree = "<group>";
		};
		8A4500D125A6697900A39D8F /* Localizable.strings */ = {
			isa = PBXVariantGroup;
			children = (
				8A4500D025A6697900A39D8F /* en */,
				8A4500D425A6699A00A39D8F /* fr */,
				8A60E80B25A8E01A003B0CB3 /* uk */,
				8A60E80F25A8E0FB003B0CB3 /* ru */,
			);
			name = Localizable.strings;
			sourceTree = "<group>";
		};
		8A8130FB2577EEC000D19AB6 /* LaunchScreen.storyboard */ = {
			isa = PBXVariantGroup;
			children = (
				8A8130FC2577EEC000D19AB6 /* Base */,
				8A4500C525A6665100A39D8F /* fr */,
				8A60E80A25A8E009003B0CB3 /* uk */,
				8A60E80E25A8E0EB003B0CB3 /* ru */,
			);
			name = LaunchScreen.storyboard;
			sourceTree = "<group>";
		};
/* End PBXVariantGroup section */

/* Begin XCBuildConfiguration section */
		8A8131152577EEC100D19AB6 /* Debug */ = {
			isa = XCBuildConfiguration;
			buildSettings = {
				ALWAYS_SEARCH_USER_PATHS = NO;
				CLANG_ANALYZER_LOCALIZABILITY_NONLOCALIZED = YES;
				CLANG_ANALYZER_NONNULL = YES;
				CLANG_ANALYZER_NUMBER_OBJECT_CONVERSION = YES_AGGRESSIVE;
				CLANG_CXX_LANGUAGE_STANDARD = "gnu++14";
				CLANG_CXX_LIBRARY = "libc++";
				CLANG_ENABLE_MODULES = YES;
				CLANG_ENABLE_OBJC_ARC = YES;
				CLANG_ENABLE_OBJC_WEAK = YES;
				CLANG_WARN_BLOCK_CAPTURE_AUTORELEASING = YES;
				CLANG_WARN_BOOL_CONVERSION = YES;
				CLANG_WARN_COMMA = YES;
				CLANG_WARN_CONSTANT_CONVERSION = YES;
				CLANG_WARN_DEPRECATED_OBJC_IMPLEMENTATIONS = YES;
				CLANG_WARN_DIRECT_OBJC_ISA_USAGE = YES_ERROR;
				CLANG_WARN_DOCUMENTATION_COMMENTS = YES;
				CLANG_WARN_EMPTY_BODY = YES;
				CLANG_WARN_ENUM_CONVERSION = YES;
				CLANG_WARN_INFINITE_RECURSION = YES;
				CLANG_WARN_INT_CONVERSION = YES;
				CLANG_WARN_NON_LITERAL_NULL_CONVERSION = YES;
				CLANG_WARN_OBJC_IMPLICIT_RETAIN_SELF = YES;
				CLANG_WARN_OBJC_LITERAL_CONVERSION = YES;
				CLANG_WARN_OBJC_ROOT_CLASS = YES_ERROR;
				CLANG_WARN_QUOTED_INCLUDE_IN_FRAMEWORK_HEADER = YES;
				CLANG_WARN_RANGE_LOOP_ANALYSIS = YES;
				CLANG_WARN_STRICT_PROTOTYPES = YES;
				CLANG_WARN_SUSPICIOUS_MOVE = YES;
				CLANG_WARN_UNGUARDED_AVAILABILITY = YES_AGGRESSIVE;
				CLANG_WARN_UNREACHABLE_CODE = YES;
				CLANG_WARN__DUPLICATE_METHOD_MATCH = YES;
				COPY_PHASE_STRIP = NO;
				DEBUG_INFORMATION_FORMAT = dwarf;
				ENABLE_STRICT_OBJC_MSGSEND = YES;
				ENABLE_TESTABILITY = YES;
				GCC_C_LANGUAGE_STANDARD = gnu11;
				GCC_DYNAMIC_NO_PIC = NO;
				GCC_NO_COMMON_BLOCKS = YES;
				GCC_OPTIMIZATION_LEVEL = 0;
				GCC_PREPROCESSOR_DEFINITIONS = (
					"DEBUG=1",
					"$(inherited)",
				);
				GCC_WARN_64_TO_32_BIT_CONVERSION = YES;
				GCC_WARN_ABOUT_RETURN_TYPE = YES_ERROR;
				GCC_WARN_UNDECLARED_SELECTOR = YES;
				GCC_WARN_UNINITIALIZED_AUTOS = YES_AGGRESSIVE;
				GCC_WARN_UNUSED_FUNCTION = YES;
				GCC_WARN_UNUSED_VARIABLE = YES;
				IPHONEOS_DEPLOYMENT_TARGET = 14.2;
				MTL_ENABLE_DEBUG_INFO = INCLUDE_SOURCE;
				MTL_FAST_MATH = YES;
				ONLY_ACTIVE_ARCH = YES;
				SDKROOT = iphoneos;
				SWIFT_ACTIVE_COMPILATION_CONDITIONS = DEBUG;
				SWIFT_OPTIMIZATION_LEVEL = "-Onone";
			};
			name = Debug;
		};
		8A8131162577EEC100D19AB6 /* Release */ = {
			isa = XCBuildConfiguration;
			buildSettings = {
				ALWAYS_SEARCH_USER_PATHS = NO;
				CLANG_ANALYZER_LOCALIZABILITY_NONLOCALIZED = YES;
				CLANG_ANALYZER_NONNULL = YES;
				CLANG_ANALYZER_NUMBER_OBJECT_CONVERSION = YES_AGGRESSIVE;
				CLANG_CXX_LANGUAGE_STANDARD = "gnu++14";
				CLANG_CXX_LIBRARY = "libc++";
				CLANG_ENABLE_MODULES = YES;
				CLANG_ENABLE_OBJC_ARC = YES;
				CLANG_ENABLE_OBJC_WEAK = YES;
				CLANG_WARN_BLOCK_CAPTURE_AUTORELEASING = YES;
				CLANG_WARN_BOOL_CONVERSION = YES;
				CLANG_WARN_COMMA = YES;
				CLANG_WARN_CONSTANT_CONVERSION = YES;
				CLANG_WARN_DEPRECATED_OBJC_IMPLEMENTATIONS = YES;
				CLANG_WARN_DIRECT_OBJC_ISA_USAGE = YES_ERROR;
				CLANG_WARN_DOCUMENTATION_COMMENTS = YES;
				CLANG_WARN_EMPTY_BODY = YES;
				CLANG_WARN_ENUM_CONVERSION = YES;
				CLANG_WARN_INFINITE_RECURSION = YES;
				CLANG_WARN_INT_CONVERSION = YES;
				CLANG_WARN_NON_LITERAL_NULL_CONVERSION = YES;
				CLANG_WARN_OBJC_IMPLICIT_RETAIN_SELF = YES;
				CLANG_WARN_OBJC_LITERAL_CONVERSION = YES;
				CLANG_WARN_OBJC_ROOT_CLASS = YES_ERROR;
				CLANG_WARN_QUOTED_INCLUDE_IN_FRAMEWORK_HEADER = YES;
				CLANG_WARN_RANGE_LOOP_ANALYSIS = YES;
				CLANG_WARN_STRICT_PROTOTYPES = YES;
				CLANG_WARN_SUSPICIOUS_MOVE = YES;
				CLANG_WARN_UNGUARDED_AVAILABILITY = YES_AGGRESSIVE;
				CLANG_WARN_UNREACHABLE_CODE = YES;
				CLANG_WARN__DUPLICATE_METHOD_MATCH = YES;
				COPY_PHASE_STRIP = NO;
				DEBUG_INFORMATION_FORMAT = "dwarf-with-dsym";
				ENABLE_NS_ASSERTIONS = NO;
				ENABLE_STRICT_OBJC_MSGSEND = YES;
				GCC_C_LANGUAGE_STANDARD = gnu11;
				GCC_NO_COMMON_BLOCKS = YES;
				GCC_WARN_64_TO_32_BIT_CONVERSION = YES;
				GCC_WARN_ABOUT_RETURN_TYPE = YES_ERROR;
				GCC_WARN_UNDECLARED_SELECTOR = YES;
				GCC_WARN_UNINITIALIZED_AUTOS = YES_AGGRESSIVE;
				GCC_WARN_UNUSED_FUNCTION = YES;
				GCC_WARN_UNUSED_VARIABLE = YES;
				IPHONEOS_DEPLOYMENT_TARGET = 14.2;
				MTL_ENABLE_DEBUG_INFO = NO;
				MTL_FAST_MATH = YES;
				SDKROOT = iphoneos;
				SWIFT_COMPILATION_MODE = wholemodule;
				SWIFT_OPTIMIZATION_LEVEL = "-O";
				VALIDATE_PRODUCT = YES;
			};
			name = Release;
		};
		8A8131182577EEC100D19AB6 /* Debug */ = {
			isa = XCBuildConfiguration;
			baseConfigurationReference = CC90C9D20930EB3F95DF11BD /* Pods-tradingBasic.debug.xcconfig */;
			buildSettings = {
				ASSETCATALOG_COMPILER_APPICON_NAME = AppIcon;
				ASSETCATALOG_COMPILER_GLOBAL_ACCENT_COLOR_NAME = AccentColor;
				CODE_SIGN_STYLE = Automatic;
				DEVELOPMENT_TEAM = NLNMNV3B3S;
				INFOPLIST_FILE = tradingBasic/Info.plist;
				LD_RUNPATH_SEARCH_PATHS = (
					"$(inherited)",
					"@executable_path/Frameworks",
				);
				PRODUCT_BUNDLE_IDENTIFIER = yoahn.tradingBasic;
				PRODUCT_NAME = "$(TARGET_NAME)";
				SWIFT_VERSION = 5.0;
				TARGETED_DEVICE_FAMILY = 1;
			};
			name = Debug;
		};
		8A8131192577EEC100D19AB6 /* Release */ = {
			isa = XCBuildConfiguration;
			baseConfigurationReference = F30CC58D1E740DB97E277BC8 /* Pods-tradingBasic.release.xcconfig */;
			buildSettings = {
				ASSETCATALOG_COMPILER_APPICON_NAME = AppIcon;
				ASSETCATALOG_COMPILER_GLOBAL_ACCENT_COLOR_NAME = AccentColor;
				CODE_SIGN_STYLE = Automatic;
				DEVELOPMENT_TEAM = NLNMNV3B3S;
				INFOPLIST_FILE = tradingBasic/Info.plist;
				LD_RUNPATH_SEARCH_PATHS = (
					"$(inherited)",
					"@executable_path/Frameworks",
				);
				PRODUCT_BUNDLE_IDENTIFIER = yoahn.tradingBasic;
				PRODUCT_NAME = "$(TARGET_NAME)";
				SWIFT_VERSION = 5.0;
				TARGETED_DEVICE_FAMILY = 1;
			};
			name = Release;
		};
		8A81311B2577EEC100D19AB6 /* Debug */ = {
			isa = XCBuildConfiguration;
			baseConfigurationReference = E4C9CB642B1D2B0EBD7F3740 /* Pods-tradingBasicTests.debug.xcconfig */;
			buildSettings = {
				ALWAYS_EMBED_SWIFT_STANDARD_LIBRARIES = YES;
				BUNDLE_LOADER = "$(TEST_HOST)";
				CODE_SIGN_STYLE = Automatic;
				DEVELOPMENT_TEAM = NLNMNV3B3S;
				INFOPLIST_FILE = tradingBasicTests/Info.plist;
				IPHONEOS_DEPLOYMENT_TARGET = 14.2;
				LD_RUNPATH_SEARCH_PATHS = (
					"$(inherited)",
					"@executable_path/Frameworks",
					"@loader_path/Frameworks",
				);
				PRODUCT_BUNDLE_IDENTIFIER = yoahn.tradingBasicTests;
				PRODUCT_NAME = "$(TARGET_NAME)";
				SWIFT_VERSION = 5.0;
				TARGETED_DEVICE_FAMILY = "1,2";
				TEST_HOST = "$(BUILT_PRODUCTS_DIR)/tradingBasic.app/tradingBasic";
			};
			name = Debug;
		};
		8A81311C2577EEC100D19AB6 /* Release */ = {
			isa = XCBuildConfiguration;
			baseConfigurationReference = 503704A0A82D66BA88698598 /* Pods-tradingBasicTests.release.xcconfig */;
			buildSettings = {
				ALWAYS_EMBED_SWIFT_STANDARD_LIBRARIES = YES;
				BUNDLE_LOADER = "$(TEST_HOST)";
				CODE_SIGN_STYLE = Automatic;
				DEVELOPMENT_TEAM = NLNMNV3B3S;
				INFOPLIST_FILE = tradingBasicTests/Info.plist;
				IPHONEOS_DEPLOYMENT_TARGET = 14.2;
				LD_RUNPATH_SEARCH_PATHS = (
					"$(inherited)",
					"@executable_path/Frameworks",
					"@loader_path/Frameworks",
				);
				PRODUCT_BUNDLE_IDENTIFIER = yoahn.tradingBasicTests;
				PRODUCT_NAME = "$(TARGET_NAME)";
				SWIFT_VERSION = 5.0;
				TARGETED_DEVICE_FAMILY = "1,2";
				TEST_HOST = "$(BUILT_PRODUCTS_DIR)/tradingBasic.app/tradingBasic";
			};
			name = Release;
		};
		8A81311E2577EEC100D19AB6 /* Debug */ = {
			isa = XCBuildConfiguration;
			baseConfigurationReference = 97C396CED1A4790958C7BB92 /* Pods-tradingBasic-tradingBasicUITests.debug.xcconfig */;
			buildSettings = {
				ALWAYS_EMBED_SWIFT_STANDARD_LIBRARIES = YES;
				CODE_SIGN_STYLE = Automatic;
				DEVELOPMENT_TEAM = NLNMNV3B3S;
				INFOPLIST_FILE = tradingBasicUITests/Info.plist;
				LD_RUNPATH_SEARCH_PATHS = (
					"$(inherited)",
					"@executable_path/Frameworks",
					"@loader_path/Frameworks",
				);
				PRODUCT_BUNDLE_IDENTIFIER = yoahn.tradingBasicUITests;
				PRODUCT_NAME = "$(TARGET_NAME)";
				SWIFT_VERSION = 5.0;
				TARGETED_DEVICE_FAMILY = "1,2";
				TEST_TARGET_NAME = tradingBasic;
			};
			name = Debug;
		};
		8A81311F2577EEC100D19AB6 /* Release */ = {
			isa = XCBuildConfiguration;
			baseConfigurationReference = 92E438EB2E3DA4F56408F310 /* Pods-tradingBasic-tradingBasicUITests.release.xcconfig */;
			buildSettings = {
				ALWAYS_EMBED_SWIFT_STANDARD_LIBRARIES = YES;
				CODE_SIGN_STYLE = Automatic;
				DEVELOPMENT_TEAM = NLNMNV3B3S;
				INFOPLIST_FILE = tradingBasicUITests/Info.plist;
				LD_RUNPATH_SEARCH_PATHS = (
					"$(inherited)",
					"@executable_path/Frameworks",
					"@loader_path/Frameworks",
				);
				PRODUCT_BUNDLE_IDENTIFIER = yoahn.tradingBasicUITests;
				PRODUCT_NAME = "$(TARGET_NAME)";
				SWIFT_VERSION = 5.0;
				TARGETED_DEVICE_FAMILY = "1,2";
				TEST_TARGET_NAME = tradingBasic;
			};
			name = Release;
		};
/* End XCBuildConfiguration section */

/* Begin XCConfigurationList section */
		8A8130E52577EEBF00D19AB6 /* Build configuration list for PBXProject "tradingBasic" */ = {
			isa = XCConfigurationList;
			buildConfigurations = (
				8A8131152577EEC100D19AB6 /* Debug */,
				8A8131162577EEC100D19AB6 /* Release */,
			);
			defaultConfigurationIsVisible = 0;
			defaultConfigurationName = Release;
		};
		8A8131172577EEC100D19AB6 /* Build configuration list for PBXNativeTarget "tradingBasic" */ = {
			isa = XCConfigurationList;
			buildConfigurations = (
				8A8131182577EEC100D19AB6 /* Debug */,
				8A8131192577EEC100D19AB6 /* Release */,
			);
			defaultConfigurationIsVisible = 0;
			defaultConfigurationName = Release;
		};
		8A81311A2577EEC100D19AB6 /* Build configuration list for PBXNativeTarget "tradingBasicTests" */ = {
			isa = XCConfigurationList;
			buildConfigurations = (
				8A81311B2577EEC100D19AB6 /* Debug */,
				8A81311C2577EEC100D19AB6 /* Release */,
			);
			defaultConfigurationIsVisible = 0;
			defaultConfigurationName = Release;
		};
		8A81311D2577EEC100D19AB6 /* Build configuration list for PBXNativeTarget "tradingBasicUITests" */ = {
			isa = XCConfigurationList;
			buildConfigurations = (
				8A81311E2577EEC100D19AB6 /* Debug */,
				8A81311F2577EEC100D19AB6 /* Release */,
			);
			defaultConfigurationIsVisible = 0;
			defaultConfigurationName = Release;
		};
/* End XCConfigurationList section */
	};
	rootObject = 8A8130E22577EEBF00D19AB6 /* Project object */;
}
